	<Project xmlns="http://schemas.microsoft.com/developer/msbuild/2003">
		<PropertyGroup>
			<ProjectGuid>{3cbc48b9-1535-4679-b84b-e7d6dfa6140a}</ProjectGuid>
			<MainSource>tmsd2010.dpk</MainSource>
			<Configuration Condition=" '$(Configuration)' == '' ">Debug</Configuration>
			<Platform Condition=" '$(Platform)' == '' ">AnyCPU</Platform>
			<DCC_DCCCompiler>DCC32</DCC_DCCCompiler>
			<DCC_DependencyCheckOutputName>C:\Documents and Settings\All Users\Documents\RAD Studio\5.0\Bpl\tmsd2007.bpl</DCC_DependencyCheckOutputName>
			<ProjectVersion>12.0</ProjectVersion>
			<Config Condition="'$(Config)'==''">Debug</Config>
		</PropertyGroup>
		<PropertyGroup Condition="'$(Config)'=='Base' or '$(Base)'!=''">
			<Base>true</Base>
		</PropertyGroup>
		<PropertyGroup Condition="'$(Config)'=='Release' or '$(Cfg_1)'!=''">
			<Cfg_1>true</Cfg_1>
			<CfgParent>Base</CfgParent>
			<Base>true</Base>
		</PropertyGroup>
		<PropertyGroup Condition="'$(Config)'=='Debug' or '$(Cfg_2)'!=''">
			<Cfg_2>true</Cfg_2>
			<CfgParent>Base</CfgParent>
			<Base>true</Base>
		</PropertyGroup>
		<PropertyGroup Condition="'$(Base)'!=''">
			<DCC_CBuilderOutput>All</DCC_CBuilderOutput>
			<DCC_ImageBase>00400000</DCC_ImageBase>
			<DesignOnlyPackage>false</DesignOnlyPackage>
			<DCC_Description>TMS Component Pack</DCC_Description>
			<DCC_DependencyCheckOutputName>C:\Users\Public\Documents\RAD Studio\7.0\Bpl\tmsd2010.bpl</DCC_DependencyCheckOutputName>
			<DCC_WriteableConstants>true</DCC_WriteableConstants>
			<DCC_OutputNeverBuildDcps>true</DCC_OutputNeverBuildDcps>
			<GenDll>true</GenDll>
			<GenPackage>true</GenPackage>
		</PropertyGroup>
		<PropertyGroup Condition="'$(Cfg_1)'!=''">
			<Version>7.0</Version>
			<DCC_DebugInformation>False</DCC_DebugInformation>
			<DCC_WriteableConstants>True</DCC_WriteableConstants>
			<DCC_LocalDebugSymbols>False</DCC_LocalDebugSymbols>
			<DCC_SymbolReferenceInfo>0</DCC_SymbolReferenceInfo>
			<DCC_CBuilderOutput>All</DCC_CBuilderOutput>
			<DCC_Define>RELEASE;$(DCC_Define)</DCC_Define>
		</PropertyGroup>
		<PropertyGroup Condition="'$(Cfg_2)'!=''">
			<Version>7.0</Version>
			<DCC_WriteableConstants>True</DCC_WriteableConstants>
			<DCC_CBuilderOutput>All</DCC_CBuilderOutput>
		</PropertyGroup>
		<ItemGroup>
			<DelphiCompile Include="tmsd2010.dpk">
				<MainSource>MainSource</MainSource>
			</DelphiCompile>
			<DCCReference Include="planreg.dcr"/>
			<DCCReference Include="rtflreg.dcr"/>
			<DCCReference Include="slstreg.dcr"/>
			<DCCReference Include="sysmreg.dcr"/>
			<DCCReference Include="Wdatreg.dcr"/>
			<DCCReference Include="Wupdreg.dcr"/>
			<DCCReference Include="Webcreg.dcr"/>
			<DCCReference Include="anireg.dcr"/>
			<DCCReference Include="shelldlg.dcr"/>
			<DCCReference Include="htmhireg.dcr"/>
			<DCCReference Include="htmbureg.dcr"/>
			<DCCReference Include="htmltvr.dcr"/>
			<DCCReference Include="htmcoreg.dcr"/>
			<DCCReference Include="Hilireg.dcr"/>
			<DCCReference Include="htmlareg.dcr"/>
			<DCCReference Include="htmlireg.dcr"/>
			<DCCReference Include="alvreg.dcr"/>
			<DCCReference Include="clistedr.dcr"/>
			<DCCReference Include="edtbreg.dcr"/>
			<DCCReference Include="fsreg.dcr"/>
			<DCCReference Include="pdlgreg.dcr"/>
			<DCCReference Include="llreg.dcr"/>
			<DCCReference Include="wheelreg.dcr"/>
			<DCCReference Include="olnkreg.dcr"/>
			<DCCReference Include="cabr.dcr"/>
			<DCCReference Include="tlreg.dcr"/>
			<DCCReference Include="asreg.dcr"/>
			<DCCReference Include="dbasreg.dcr"/>
			<DCCReference Include="dbaereg.dcr"/>
			<DCCReference Include="htmstbr.dcr"/>
			<DCCReference Include="lfreg.dcr"/>
			<DCCReference Include="htmstreg.dcr"/>
			<DCCReference Include="dbhtmlar.dcr"/>
			<DCCReference Include="dblucmbr.dcr"/>
			<DCCReference Include="colcoreg.dcr"/>
			<DCCReference Include="paramlstreg.dcr"/>
			<DCCReference Include="paramchklreg.dcr"/>
			<DCCReference Include="paramlabreg.dcr"/>
			<DCCReference Include="advluedr.dcr"/>
			<DCCReference Include="advedbr.dcr"/>
			<DCCReference Include="dbadvler.dcr"/>
			<DCCReference Include="wallpreg.dcr"/>
			<DCCReference Include="collireg.dcr"/>
			<DCCReference Include="advpnlreg.dcr"/>
			<DCCReference Include="MoneyEdr.dcr"/>
			<DCCReference Include="WebImgR.dcr"/>
			<DCCReference Include="dbmereg.dcr"/>
			<DCCReference Include="datelbl.dcr"/>
			<DCCReference Include="frmsreg.dcr"/>
			<DCCReference Include="advpicr.dcr"/>
			<DCCReference Include="WebPostr.dcr"/>
			<DCCReference Include="advqryr.dcr"/>
			<DCCReference Include="htmldlgr.dcr"/>
			<DCCReference Include="dbplanreg.dcr"/>
			<DCCReference Include="edtlstreg.dcr"/>
			<DCCReference Include="thumbreg.dcr"/>
			<DCCReference Include="PlannerCalReg.dcr"/>
			<DCCReference Include="DBPlannerCalReg.dcr"/>
			<DCCReference Include="PictureContainerReg.dcr"/>
			<DCCReference Include="advdropdownreg.dcr"/>
			<DCCReference Include="acreg.dcr"/>
			<DCCReference Include="aereg.dcr"/>
			<DCCReference Include="calcreg.dcr"/>
			<DCCReference Include="calpreg.dcr"/>
			<DCCReference Include="lureg.dcr"/>
			<DCCReference Include="parlreg.dcr"/>
			<DCCReference Include="SHADER.dcr"/>
			<DCCReference Include="paramtreeviewreg.dcr"/>
			<DCCReference Include="dbslstreg.dcr"/>
			<DCCReference Include="AstaPatchUtil.dcr"/>
			<DCCReference Include="DBTodoListReg.dcr"/>
			<DCCReference Include="TodoListReg.dcr"/>
			<DCCReference Include="WinXP.dcr"/>
			<DCCReference Include="DBAdvEdBtnReg.dcr"/>
			<DCCReference Include="HTMLPopupReg.dcr"/>
			<DCCReference Include="EllipsLblReg.dcr"/>
			<DCCReference Include="INIInspectorBarReg.dcr"/>
			<DCCReference Include="InspectorBarReg.dcr"/>
			<DCCReference Include="DBInspectorBarReg.dcr"/>
			<DCCReference Include="RTTIInspectorBarReg.dcr"/>
			<DCCReference Include="btnlireg.dcr"/>
			<DCCReference Include="atbreg.dcr"/>
			<DCCReference Include="dbanreg.dcr"/>
			<DCCReference Include="AdvDirectoryEdit.dcr"/>
			<DCCReference Include="AdvFileNameEdit.dcr"/>
			<DCCReference Include="DBHTMLBtnsReg.dcr"/>
			<DCCReference Include="WebConnectReg.dcr"/>
			<DCCReference Include="HotSpotImageReg.dcr"/>
			<DCCReference Include="uhtmcoreg.dcr"/>
			<DCCReference Include="uhtmlareg.dcr"/>
			<DCCReference Include="uhtmlireg.dcr"/>
			<DCCReference Include="AdvMemoReg.dcr"/>
			<DCCReference Include="AdvShaperReg.dcr"/>
			<DCCReference Include="AdvMoneyEditReg.dcr"/>
			<DCCReference Include="AdvDBLookupComboBoxReg.dcr"/>
			<DCCReference Include="GradientLblReg.dcr"/>
			<DCCReference Include="HTMLTLREG.dcr"/>
			<DCCReference Include="HTMLCreditReg.dcr"/>
			<DCCReference Include="vCalReg.dcr"/>
			<DCCReference Include="ToolPanelsReg.dcr"/>
			<DCCReference Include="AdvProgressBarReg.dcr"/>
			<DCCReference Include="AdvPageControlreg.dcr"/>
			<DCCReference Include="MacroRecorderReg.dcr"/>
			<DCCReference Include="ExeInfoReg.dcr"/>
			<DCCReference Include="AdvTabSetReg.dcr"/>
			<DCCReference Include="htmlchklireg.dcr"/>
			<DCCReference Include="AdvAlertWindowReg.dcr"/>
			<DCCReference Include="AdvNavBarReg.dcr"/>
			<DCCReference Include="PlannerMonthViewReg.dcr"/>
			<DCCReference Include="imgpickr.dcr"/>
			<DCCReference Include="TMSGraphicsReg.dcr"/>
			<DCCReference Include="AdvMenuRegister.dcr"/>
			<DCCReference Include="Tilebmp.dcr"/>
			<DCCReference Include="advoutlooklistreg.dcr"/>
			<DCCReference Include="advglowbuttonreg.dcr"/>
			<DCCReference Include="advappstyler.dcr"/>
			<DCCReference Include="AdvOfficeStatusBarReg.dcr"/>
			<DCCReference Include="AdvOfficeTabSetReg.dcr"/>
			<DCCReference Include="TMSOfficeGraphicsReg.dcr"/>
			<DCCReference Include="advofficeimagereg.dcr"/>
			<DCCReference Include="piclistreg.dcr"/>
			<DCCReference Include="folderdialogreg.dcr"/>
			<DCCReference Include="AdvSplitterReg.dcr"/>
			<DCCReference Include="AdvWiiProgressBarReg.dcr"/>
			<DCCReference Include="AdvCircularProgressReg.dcr"/>
			<DCCReference Include="AdvGroupBoxReg.dcr"/>
			<DCCReference Include="AdvOfficeButtonsReg.dcr"/>
			<DCCReference Include="AdvScrollBoxReg.dcr"/>
			<DCCReference Include="AdvReflectionImageReg.dcr"/>
			<DCCReference Include="AdvRefLabelReg.dcr"/>
			<DCCReference Include="AdvGlassButtonReg.dcr"/>
			<DCCReference Include="AdvShapeReg.dcr"/>
			<DCCReference Include="AdvDateTimePickerReg.dcr"/>
			<DCCReference Include="DBAdvGlowNavigatorReg.dcr"/>
			<DCCReference Include="HTMLFormReg.dcr"/>
			<DCCReference Include="AdvDBComboBoxReg.dcr"/>
			<DCCReference Include="vcl.dcp"/>
			<DCCReference Include="VCLSMP.dcp"/>
			<DCCReference Include="VCLDB.dcp"/>
			<DCCReference Include="vclimg.dcp"/>
			<DCCReference Include="rtl.dcp"/>
			<DCCReference Include="vclactnband.dcp"/>
			<DCCReference Include="dbrtl.dcp"/>
			<DCCReference Include="xmlrtl.dcp"/>
			<DCCReference Include="vclx.dcp"/>
			<DCCReference Include="bdertl.dcp"/>
			<DCCReference Include="adortl.dcp"/>
			<DCCReference Include="Asgreg.pas"/>
			<DCCReference Include="asgcreg.pas"/>
			<DCCReference Include="AsgHTML.pas"/>
			<DCCReference Include="Asgprev.pas">
				<Form>AdvPreviewForm</Form>
			</DCCReference>
			<DCCReference Include="Asgprint.pas">
				<Form>AdvGridPrintSettingsForm</Form>
			</DCCReference>
			<DCCReference Include="Dbadvlst.pas"/>
			<DCCReference Include="Advgrid.pas"/>
			<DCCReference Include="AdvColumnSetter.pas"/>
			<DCCReference Include="AsgImport.pas">
				<Form>AsgImport</Form>
			</DCCReference>
			<DCCReference Include="Advlistv.pas"/>
			<DCCReference Include="Advobj.pas"/>
			<DCCReference Include="Advutil.pas"/>
			<DCCReference Include="Advcgrid.pas"/>
			<DCCReference Include="alvreg.pas"/>
			<DCCReference Include="Alvutil.pas"/>
			<DCCReference Include="Planner.pas"/>
			<DCCReference Include="planutil.pas"/>
			<DCCReference Include="planreg.pas"/>
			<DCCReference Include="Slstbox.pas"/>
			<DCCReference Include="slstreg.pas"/>
			<DCCReference Include="advpnlreg.pas"/>
			<DCCReference Include="advpanel.pas"/>
			<DCCReference Include="advimage.pas"/>
			<DCCReference Include="Lucombo.pas"/>
			<DCCReference Include="dblucmbr.pas"/>
			<DCCReference Include="dblucomb.pas"/>
			<DCCReference Include="asreg.pas"/>
			<DCCReference Include="advspin.pas"/>
			<DCCReference Include="Advcombo.pas"/>
			<DCCReference Include="Advedit.pas"/>
			<DCCReference Include="dbadvle.pas"/>
			<DCCReference Include="AdvEdBtn.pas"/>
			<DCCReference Include="advlued.pas"/>
			<DCCReference Include="advluedr.pas"/>
			<DCCReference Include="advedbr.pas"/>
			<DCCReference Include="dbadvler.pas"/>
			<DCCReference Include="Asgedit.pas"/>
			<DCCReference Include="Asgspin.pas"/>
			<DCCReference Include="adveddd.pas"/>
			<DCCReference Include="dbasreg.pas"/>
			<DCCReference Include="dbaereg.pas"/>
			<DCCReference Include="DBAdvEd.pas"/>
			<DCCReference Include="DBAdvSp.pas"/>
			<DCCReference Include="Editbtn.pas"/>
			<DCCReference Include="edtbreg.pas"/>
			<DCCReference Include="moneyedit.pas"/>
			<DCCReference Include="MoneyEdr.pas"/>
			<DCCReference Include="dbmereg.pas"/>
			<DCCReference Include="dbmnyed.pas"/>
			<DCCReference Include="mskreg.pas"/>
			<DCCReference Include="Maskedex.pas"/>
			<DCCReference Include="cabr.pas"/>
			<DCCReference Include="Cabfiles.pas"/>
			<DCCReference Include="Editlist.pas"/>
			<DCCReference Include="llreg.pas"/>
			<DCCReference Include="Listlink.pas"/>
			<DCCReference Include="Hilireg.pas"/>
			<DCCReference Include="Hintlist.pas"/>
			<DCCReference Include="Wdatreg.pas"/>
			<DCCReference Include="Webdata.pas"/>
			<DCCReference Include="Webcreg.pas"/>
			<DCCReference Include="Webcopy.pas"/>
			<DCCReference Include="Wupdreg.pas"/>
			<DCCReference Include="Wupdate.pas"/>
			<DCCReference Include="WupdatelanguagesU.pas"/>
			<DCCReference Include="cabfdi.pas"/>
			<DCCReference Include="webimage.pas"/>
			<DCCReference Include="WebImgR.pas"/>
			<DCCReference Include="htmlireg.pas"/>
			<DCCReference Include="htmhireg.pas"/>
			<DCCReference Include="htmcoreg.pas"/>
			<DCCReference Include="htmltvr.pas"/>
			<DCCReference Include="htmlareg.pas"/>
			<DCCReference Include="htmbureg.pas"/>
			<DCCReference Include="Htmcombo.pas"/>
			<DCCReference Include="Htmlabel.pas"/>
			<DCCReference Include="Htmlbtns.pas"/>
			<DCCReference Include="Htmlhint.pas"/>
			<DCCReference Include="Htmlistb.pas"/>
			<DCCReference Include="Htmltv.pas"/>
			<DCCReference Include="htmstreg.pas"/>
			<DCCReference Include="htmltext.pas"/>
			<DCCReference Include="dbhtmlar.pas"/>
			<DCCReference Include="dbhtmlab.pas"/>
			<DCCReference Include="HTMLStatusBar.pas"/>
			<DCCReference Include="htmstbr.pas"/>
			<DCCReference Include="colcoreg.pas"/>
			<DCCReference Include="colcombo.pas"/>
			<DCCReference Include="collistb.pas"/>
			<DCCReference Include="collireg.pas"/>
			<DCCReference Include="rtflreg.pas"/>
			<DCCReference Include="Rtflabel.pas"/>
			<DCCReference Include="datelbl.pas"/>
			<DCCReference Include="apreg.pas"/>
			<DCCReference Include="clistedr.pas"/>
			<DCCReference Include="Clisted.pas"/>
			<DCCReference Include="tlreg.pas"/>
			<DCCReference Include="Treelist.pas"/>
			<DCCReference Include="Paramlst.pas"/>
			<DCCReference Include="paramlstreg.pas"/>
			<DCCReference Include="paramchklreg.pas"/>
			<DCCReference Include="paramlabel.pas"/>
			<DCCReference Include="paramlabreg.pas"/>
			<DCCReference Include="paramlistbox.pas"/>
			<DCCReference Include="paramchklist.pas"/>
			<DCCReference Include="anireg.pas"/>
			<DCCReference Include="Aniedit.pas">
				<Form>AniEditor</Form>
			</DCCReference>
			<DCCReference Include="ANIICON.pas"/>
			<DCCReference Include="scrlreg.pas"/>
			<DCCReference Include="Propscrl.pas"/>
			<DCCReference Include="Advprogr.pas"/>
			<DCCReference Include="Seldlg.pas">
				<Form>selectdialog</Form>
			</DCCReference>
			<DCCReference Include="wallpreg.pas"/>
			<DCCReference Include="wallpaper.pas"/>
			<DCCReference Include="pdlgreg.pas"/>
			<DCCReference Include="Pickdlg.pas">
				<Form>SelectForm</Form>
			</DCCReference>
			<DCCReference Include="shelldlg.pas"/>
			<DCCReference Include="Ushldlg.pas"/>
			<DCCReference Include="flctrlex.pas"/>
			<DCCReference Include="flctrlr.pas"/>
			<DCCReference Include="Mswheel.pas"/>
			<DCCReference Include="asgdd.pas"/>
			<DCCReference Include="advpicture.pas"/>
			<DCCReference Include="advpicr.pas"/>
			<DCCReference Include="asgcombo.pas"/>
			<DCCReference Include="WebPost.pas"/>
			<DCCReference Include="WebPostr.pas"/>
			<DCCReference Include="AdvQueryDialog.pas"/>
			<DCCReference Include="advqryr.pas"/>
			<DCCReference Include="htmldlgr.pas"/>
			<DCCReference Include="htmldialog.pas"/>
			<DCCReference Include="dbplanreg.pas"/>
			<DCCReference Include="DBPlanner.pas"/>
			<DCCReference Include="edtlstreg.pas"/>
			<DCCReference Include="thumbreg.pas"/>
			<DCCReference Include="ThumbnailList.pas"/>
			<DCCReference Include="PlannerCalReg.pas"/>
			<DCCReference Include="PlannerCal.pas"/>
			<DCCReference Include="DBPlannerCalReg.pas"/>
			<DCCReference Include="DBPlannerCal.pas"/>
			<DCCReference Include="PictureContainerReg.pas"/>
			<DCCReference Include="PictureContainer.pas"/>
			<DCCReference Include="AsgFindDialog.pas">
				<Form>AsgFindDlg</Form>
			</DCCReference>
			<DCCReference Include="acreg.pas"/>
			<DCCReference Include="aereg.pas"/>
			<DCCReference Include="lureg.pas"/>
			<DCCReference Include="parlreg.pas"/>
			<DCCReference Include="SHADER.pas"/>
			<DCCReference Include="asgcheck.pas"/>
			<DCCReference Include="DBPlannerDatePicker.pas"/>
			<DCCReference Include="plancheck.pas"/>
			<DCCReference Include="PlannerDatePicker.pas"/>
			<DCCReference Include="paramtreeviewreg.pas"/>
			<DCCReference Include="paramtreeview.pas"/>
			<DCCReference Include="dbslstreg.pas"/>
			<DCCReference Include="dbslstbox.pas"/>
			<DCCReference Include="wucrc32.pas"/>
			<DCCReference Include="AstaPatchUtil.pas"/>
			<DCCReference Include="DBTodoListReg.pas"/>
			<DCCReference Include="DBTodoList.pas"/>
			<DCCReference Include="TodoListReg.pas"/>
			<DCCReference Include="TodoList.pas"/>
			<DCCReference Include="WinXP.pas"/>
			<DCCReference Include="DBAdvEdBtnReg.pas"/>
			<DCCReference Include="DBAdvEdBtn.pas"/>
			<DCCReference Include="BaseGrid.pas"/>
			<DCCReference Include="AdvXPVS.pas"/>
			<DCCReference Include="BtnXPVS.pas"/>
			<DCCReference Include="htmlxpvs.pas"/>
			<DCCReference Include="HTMLPopupReg.pas"/>
			<DCCReference Include="HTMLPopup.pas"/>
			<DCCReference Include="PlanXPVS.pas"/>
			<DCCReference Include="PlanHTML.pas"/>
			<DCCReference Include="PlanCombo.pas"/>
			<DCCReference Include="AsgLinks.pas"/>
			<DCCReference Include="InspXPVS.pas"/>
			<DCCReference Include="INIInspectorBarReg.pas"/>
			<DCCReference Include="InspDD.pas"/>
			<DCCReference Include="inspectorbar.pas"/>
			<DCCReference Include="InspectorBarReg.pas"/>
			<DCCReference Include="InspEdits.pas"/>
			<DCCReference Include="InspImg.pas"/>
			<DCCReference Include="INIInspectorBar.pas"/>
			<DCCReference Include="DBInspectorBarReg.pas"/>
			<DCCReference Include="DBInspectorBar.pas"/>
			<DCCReference Include="RTTIInspectorBarReg.pas"/>
			<DCCReference Include="RTTIInspectorBar.pas"/>
			<DCCReference Include="BtnListB.pas"/>
			<DCCReference Include="btnlireg.pas"/>
			<DCCReference Include="ColorCombo.pas"/>
			<DCCReference Include="ImagePicker.pas"/>
			<DCCReference Include="atbreg.pas"/>
			<DCCReference Include="dbanreg.pas"/>
			<DCCReference Include="AEBXPVS.pas"/>
			<DCCReference Include="APXPVS.pas"/>
			<DCCReference Include="AdvDirectoryEdit.pas"/>
			<DCCReference Include="AdvFileNameEdit.pas"/>
			<DCCReference Include="advtoolbtn.pas"/>
			<DCCReference Include="DBAdvNavigator.pas"/>
			<DCCReference Include="ccedlink.pas"/>
			<DCCReference Include="DBHTMLBtnsReg.pas"/>
			<DCCReference Include="DBHTMLBtns.pas"/>
			<DCCReference Include="WebConnect.pas"/>
			<DCCReference Include="WebConnectReg.pas"/>
			<DCCReference Include="AsgHTMLE.pas"/>
			<DCCReference Include="AsgMemo.pas"/>
			<DCCReference Include="PlanPeriodEdit.pas">
				<Form>PeriodPlannerItemEditForm</Form>
			</DCCReference>
			<DCCReference Include="PlanItemEdit.pas">
				<Form>DefaultPlannerItemEditForm</Form>
			</DCCReference>
			<DCCReference Include="PlanDraw.pas"/>
			<DCCReference Include="PlanSimpleEdit.pas">
				<Form>SimplePlannerItemEditForm</Form>
			</DCCReference>
			<DCCReference Include="advmps.pas"/>
			<DCCReference Include="AdvMemo.pas"/>
			<DCCReference Include="AdvMemoReg.pas"/>
			<DCCReference Include="Advmcss.pas"/>
			<DCCReference Include="AdvShaper.pas"/>
			<DCCReference Include="AdvShaperReg.pas"/>
			<DCCReference Include="ASXPVS.pas"/>
			<DCCReference Include="ACXPVS.pas"/>
			<DCCReference Include="AdvMoneyEdit.pas"/>
			<DCCReference Include="DBAdvMoneyEdit.pas"/>
			<DCCReference Include="AdvMoneyEditReg.pas"/>
			<DCCReference Include="InspLinks.pas"/>
			<DCCReference Include="WuWizForm.pas">
				<Form>WUWIZ</Form>
			</DCCReference>
			<DCCReference Include="WUpdateWiz.pas"/>
			<DCCReference Include="AsgReplaceDialog.pas">
				<Form>AsgReplaceDialog</Form>
			</DCCReference>
			<DCCReference Include="AdvDBLookupComboBoxReg.pas"/>
			<DCCReference Include="AdvDBLookupComboBox.pas"/>
			<DCCReference Include="AdvLookupBarReg.pas"/>
			<DCCReference Include="AdvLookupBar.pas"/>
			<DCCReference Include="AdvGridLookupBar.pas"/>
			<DCCReference Include="planproppref.pas"/>
			<DCCReference Include="advmbs.pas"/>
			<DCCReference Include="GradientLblReg.pas"/>
			<DCCReference Include="GradientLabel.pas"/>
			<DCCReference Include="HTMLTreeList.pas"/>
			<DCCReference Include="HTMLTLREG.pas"/>
			<DCCReference Include="DBAdvMemo.pas"/>
			<DCCReference Include="AdvmSQLs.pas"/>
			<DCCReference Include="AdvTreeComboBoxReg.pas"/>
			<DCCReference Include="AdvTreeComboBox.pas"/>
			<DCCReference Include="HTMLCreditReg.pas"/>
			<DCCReference Include="HTMLCredit.pas"/>
			<DCCReference Include="ParHTML.pas"/>
			<DCCReference Include="ParXPVS.pas"/>
			<DCCReference Include="advmws.pas"/>
			<DCCReference Include="frmctrllink.pas"/>
			<DCCReference Include="vCalReg.pas"/>
			<DCCReference Include="vCal.pas"/>
			<DCCReference Include="ToolPanelsReg.pas"/>
			<DCCReference Include="ToolPanels.pas"/>
			<DCCReference Include="advmcshs.pas"/>
			<DCCReference Include="advmes.pas"/>
			<DCCReference Include="advmpls.pas"/>
			<DCCReference Include="advmpys.pas"/>
			<DCCReference Include="AdvProgressBarReg.pas"/>
			<DCCReference Include="AdvProgressBar.pas"/>
			<DCCReference Include="AdvGradient.pas"/>
			<DCCReference Include="AdvGridWorkbook.pas"/>
			<DCCReference Include="PlannerWaitList.pas"/>
			<DCCReference Include="PlanStyles.pas">
				<Form>PlanStyleForm</Form>
			</DCCReference>
			<DCCReference Include="PlannerMaskDatePicker.pas"/>
			<DCCReference Include="AdvPageControl.pas"/>
			<DCCReference Include="AdvPageControlreg.pas"/>
			<DCCReference Include="AdvMEdBtn.pas"/>
			<DCCReference Include="planobj.pas"/>
			<DCCReference Include="AdvTabSet.pas"/>
			<DCCReference Include="AdvTabSetReg.pas"/>
			<DCCReference Include="htmlchklireg.pas"/>
			<DCCReference Include="HtmlChkList.pas"/>
			<DCCReference Include="AdvCodeListLib.pas"/>
			<DCCReference Include="AdvCodeList.pas"/>
			<DCCReference Include="AdvCodeListDD.pas"/>
			<DCCReference Include="AdvCodeHint.pas"/>
			<DCCReference Include="AdvAlertWindowReg.pas"/>
			<DCCReference Include="AdvAlertWindow.pas"/>
			<DCCReference Include="AdvNavBarReg.pas"/>
			<DCCReference Include="AdvNavBar.pas"/>
			<DCCReference Include="DBPlannerMonthViewReg.pas"/>
			<DCCReference Include="DBPlannerMonthView.pas"/>
			<DCCReference Include="PlannerMonthViewReg.pas"/>
			<DCCReference Include="PlannerMonthView.pas"/>
			<DCCReference Include="TODOXPVS.pas"/>
			<DCCReference Include="WuLogin.pas">
				<Form>LoginForm</Form>
			</DCCReference>
			<DCCReference Include="WuBase64.pas"/>
			<DCCReference Include="AdvMemoStylerManager.pas"/>
			<DCCReference Include="AdvmINIs.pas"/>
			<DCCReference Include="Advmxml.pas"/>
			<DCCReference Include="PlanRecurrEdit.pas">
				<Form>RecurrEdit</Form>
			</DCCReference>
			<DCCReference Include="PlanRecurr.pas"/>
			<DCCReference Include="imgpickr.pas"/>
			<DCCReference Include="AdvFontCombo.pas"/>
			<DCCReference Include="AdvSelectors.pas"/>
			<DCCReference Include="TMSGraphicsReg.pas"/>
			<DCCReference Include="AdvMenuUtil.pas"/>
			<DCCReference Include="AdvMenus.pas"/>
			<DCCReference Include="AdvMenuStylers.pas"/>
			<DCCReference Include="AdvMenuRegister.pas"/>
			<DCCReference Include="PlannerDBMaskDatePicker.pas"/>
			<DCCReference Include="PlannerDBDatePicker.pas"/>
			<DCCReference Include="DBAdvGridReg.pas"/>
			<DCCReference Include="DBAdvGrid.pas"/>
			<DCCReference Include="ATXPVS.pas"/>
			<DCCReference Include="WcBase64.pas"/>
			<DCCReference Include="WcLogin.pas"/>
			<DCCReference Include="Tilebmp.pas"/>
			<DCCReference Include="AdvCardListStyler.pas"/>
			<DCCReference Include="AdvCardList.pas"/>
			<DCCReference Include="ACLDD.pas"/>
			<DCCReference Include="AdvCardListGradient.pas"/>
			<DCCReference Include="AdvCardListReg.pas"/>
			<DCCReference Include="DBAdvCardListReg.pas"/>
			<DCCReference Include="DBAdvCardList.pas"/>
			<DCCReference Include="AdvToolBarStylers.pas"/>
			<DCCReference Include="AdvToolBar.pas"/>
			<DCCReference Include="AdvToolBarReg.pas"/>
			<DCCReference Include="PictureList.pas"/>
			<DCCReference Include="piclistreg.pas"/>
			<DCCReference Include="alxpvs.pas"/>
			<DCCReference Include="cexpvs.pas"/>
			<DCCReference Include="RTFEngine.pas"/>
			<DCCReference Include="advgridcsvpager.pas"/>
			<DCCReference Include="advoutlooklistreg.pas"/>
			<DCCReference Include="advoutlooklist.pas"/>
			<DCCReference Include="outlookgroupedlist.pas"/>
			<DCCReference Include="customizeru.pas"/>
			<DCCReference Include="customizerbtnu.pas"/>
			<DCCReference Include="planneractions.pas"/>
			<DCCReference Include="advmphp.pas"/>
			<DCCReference Include="gdipicture.pas"/>
			<DCCReference Include="advgdip.pas"/>
			<DCCReference Include="advglowbutton.pas"/>
			<DCCReference Include="advglowbuttonreg.pas"/>
			<DCCReference Include="AdvGridRtf.pas"/>
			<DCCReference Include="advofficehintreg.pas"/>
			<DCCReference Include="advofficehint.pas"/>
			<DCCReference Include="advhintinfo.pas"/>
			<DCCReference Include="advstyleif.pas"/>
			<DCCReference Include="advappstyler.pas"/>
			<DCCReference Include="advofficepagerstylers.pas"/>
			<DCCReference Include="advofficepager.pas"/>
			<DCCReference Include="advofficepagerreg.pas"/>
			<DCCReference Include="AdvOfficeTabSetStylers.pas"/>
			<DCCReference Include="AdvOfficeStatusBar.pas"/>
			<DCCReference Include="AdvOfficeStatusBarReg.pas"/>
			<DCCReference Include="AdvOfficeStatusBarStylers.pas"/>
			<DCCReference Include="AdvOfficeTabSet.pas"/>
			<DCCReference Include="AdvOfficeTabSetReg.pas"/>
			<DCCReference Include="TMSOfficeGraphicsReg.pas"/>
			<DCCReference Include="AdvOfficeSelectors.pas"/>
			<DCCReference Include="AdvOfficeComboBox.pas"/>
			<DCCReference Include="advofficeimage.pas"/>
			<DCCReference Include="advofficeimagereg.pas"/>
			<DCCReference Include="advshapebutton.pas"/>
			<DCCReference Include="advshapebuttonreg.pas"/>
			<DCCReference Include="advpreviewmenustylers.pas"/>
			<DCCReference Include="advpreviewmenu.pas"/>
			<DCCReference Include="advpreviewmenureg.pas"/>
			<DCCReference Include="taskdialog.pas"/>
			<DCCReference Include="taskdialogex.pas"/>
			<DCCReference Include="HTMLForm.pas"/>
			<DCCReference Include="HTMLFormReg.pas"/>
			<DCCReference Include="folderdialog.pas"/>
			<DCCReference Include="folderdialogreg.pas"/>
			<DCCReference Include="AdvSplitter.pas"/>
			<DCCReference Include="AdvSplitterReg.pas"/>
			<DCCReference Include="AdvWiiProgressBar.pas"/>
			<DCCReference Include="AdvWiiProgressBarReg.pas"/>
			<DCCReference Include="AdvGroupBox.pas"/>
			<DCCReference Include="AdvGroupBoxReg.pas"/>
			<DCCReference Include="AdvOfficeButtons.pas"/>
			<DCCReference Include="AOBXPVS.pas"/>
			<DCCReference Include="DBAdvTrackBar.pas"/>
			<DCCReference Include="DBAdvTrackBarReg.pas"/>
			<DCCReference Include="AdvOfficeButtonsReg.pas"/>
			<DCCReference Include="AdvScrollBox.pas"/>
			<DCCReference Include="AdvScrollBoxReg.pas"/>
			<DCCReference Include="dbadvmoneyeditreg.pas"/>
			<DCCReference Include="AdvReflectionImage.pas"/>
			<DCCReference Include="AdvReflectionImageReg.pas"/>
			<DCCReference Include="AdvReflectionLabel.pas"/>
			<DCCReference Include="AdvRefLabelReg.pas"/>
			<DCCReference Include="AdvGlassButton.pas"/>
			<DCCReference Include="AdvGlassButtonReg.pas"/>
			<DCCReference Include="DBAdvOfficeButtons.pas"/>
			<DCCReference Include="DBAdvOfficeButtonsReg.pas"/>
			<DCCReference Include="AdvTrackbar.pas"/>
			<DCCReference Include="AdvTrackBarReg.pas"/>
			<DCCReference Include="AdvShape.pas"/>
			<DCCReference Include="AdvShapeReg.pas"/>
			<DCCReference Include="AdvSmartMessageBox.pas"/>
			<DCCReference Include="AdvSmartMessageBoxReg.pas"/>
			<DCCReference Include="AtbXPVS.pas"/>
			<DCCReference Include="AdvStickyPopupMenu.pas"/>
			<DCCReference Include="AdvStickyPopupMenuReg.pas"/>
			<DCCReference Include="AdvDateTimePicker.pas"/>
			<DCCReference Include="AdvDBDateTimePicker.pas"/>
			<DCCReference Include="AdvDateTimePickerReg.pas"/>
			<DCCReference Include="DBAdvGlowNavigatorReg.pas"/>
			<DCCReference Include="DBAdvGlowNavigator.pas"/>
			<DCCReference Include="AdvCircularProgress.pas"/>
			<DCCReference Include="AdvCircularProgressReg.pas"/>
			<DCCReference Include="wheelreg.pas"/>
			<DCCReference Include="advcalculatordropdown.pas"/>
			<DCCReference Include="advdropdown.pas"/>
			<DCCReference Include="advcolorpickerdropdown.pas"/>
			<DCCReference Include="advcontroldropdown.pas"/>
			<DCCReference Include="advdetaildropdown.pas"/>
			<DCCReference Include="advdropdownreg.pas"/>
			<DCCReference Include="advimagepickerdropdown.pas"/>
			<DCCReference Include="advmemodropdown.pas"/>
			<DCCReference Include="advmulticolumndropdown.pas"/>
			<DCCReference Include="advtimepickerdropdown.pas"/>
			<DCCReference Include="advtrackbardropdown.pas"/>
			<DCCReference Include="DBAdvMemoDropDown.pas"/>
			<DCCReference Include="DBAdvControlDropDown.pas"/>
			<DCCReference Include="DBAdvDetailDropDown.pas"/>
			<DCCReference Include="DBAdvMultiColumnDropDown.pas"/>
			<DCCReference Include="DBAdvTimePickerDropDown.pas"/>
			<DCCReference Include="DBAdvImagePickerDropDown.pas"/>
			<DCCReference Include="DBAdvColorPickerDropDown.pas"/>
			<DCCReference Include="DBAdvCalculatorDropDown.pas"/>
			<DCCReference Include="DBAdvTrackBarDropDown.pas"/>
			<DCCReference Include="DBAdvDropDownReg.pas"/>
			<DCCReference Include="AdvTBXPVS.pas"/>
			<DCCReference Include="AdvDWM.pas"/>
			<DCCReference Include="DBAdvPictureReg.pas"/>
			<DCCReference Include="AdvDBComboBox.pas"/>
			<DCCReference Include="AdvDBComboBoxReg.pas"/>
			<DCCReference Include="AdvGridDropDown.pas"/>
			<DCCReference Include="AdvGridDropDownReg.pas"/>
			<DCCReference Include="AdvCustomGridDropDown.pas"/>
			<DCCReference Include="DBAdvPicture.pas"/>
			<DCCReference Include="AsgDateTimePicker.pas"/>
			<DCCReference Include="AsgListB.pas"/>
			<None Include="ModelSupport\default.txaPackage"/>
			<BuildConfiguration Include="Base">
				<Key>Base</Key>
			</BuildConfiguration>
			<BuildConfiguration Include="Debug">
				<Key>Cfg_2</Key>
				<CfgParent>Base</CfgParent>
			</BuildConfiguration>
			<BuildConfiguration Include="Release">
				<Key>Cfg_1</Key>
				<CfgParent>Base</CfgParent>
			</BuildConfiguration>
		</ItemGroup>
		<Import Project="$(BDS)\Bin\CodeGear.Delphi.Targets" Condition="Exists('$(BDS)\Bin\CodeGear.Delphi.Targets')"/>
		<ProjectExtensions>
			<Borland.Personality>Delphi.Personality.12</Borland.Personality>
			<Borland.ProjectType>Package</Borland.ProjectType>
			<BorlandProject>
				<Delphi.Personality>
					<Parameters>
						<Parameters Name="UseLauncher">False</Parameters>
						<Parameters Name="LoadAllSymbols">True</Parameters>
						<Parameters Name="LoadUnspecifiedSymbols">False</Parameters>
					</Parameters>
					<VersionInfo>
						<VersionInfo Name="IncludeVerInfo">True</VersionInfo>
						<VersionInfo Name="AutoIncBuild">False</VersionInfo>
						<VersionInfo Name="MajorVer">1</VersionInfo>
						<VersionInfo Name="MinorVer">0</VersionInfo>
						<VersionInfo Name="Release">0</VersionInfo>
						<VersionInfo Name="Build">0</VersionInfo>
						<VersionInfo Name="Debug">False</VersionInfo>
						<VersionInfo Name="PreRelease">False</VersionInfo>
						<VersionInfo Name="Special">False</VersionInfo>
						<VersionInfo Name="Private">False</VersionInfo>
						<VersionInfo Name="DLL">False</VersionInfo>
						<VersionInfo Name="Locale">2067</VersionInfo>
						<VersionInfo Name="CodePage">1252</VersionInfo>
					</VersionInfo>
					<VersionInfoKeys>
						<VersionInfoKeys Name="CompanyName"/>
						<VersionInfoKeys Name="FileDescription"/>
						<VersionInfoKeys Name="FileVersion">1.0.0.0</VersionInfoKeys>
						<VersionInfoKeys Name="InternalName"/>
						<VersionInfoKeys Name="LegalCopyright"/>
						<VersionInfoKeys Name="LegalTrademarks"/>
						<VersionInfoKeys Name="OriginalFilename"/>
						<VersionInfoKeys Name="ProductName"/>
						<VersionInfoKeys Name="ProductVersion">1.0.0.0</VersionInfoKeys>
						<VersionInfoKeys Name="Comments"/>
					</VersionInfoKeys>
					<Source>
						<Source Name="MainSource">tmsd2010.dpk</Source>
					</Source>
				</Delphi.Personality>
			</BorlandProject>
			<ProjectFileVersion>12</ProjectFileVersion>
		</ProjectExtensions>
	</Project>

<!-- EurekaLog First Line
[Exception Log]
EurekaLog Version=6024
Activate=0
Activate Handle=1
Save Log File=1
Foreground Tab=0
Freeze Activate=0
Freeze Timeout=60
SMTP From=eurekalog@email.com
SMTP Host=
SMTP Port=25
SMTP UserID=
SMTP Password=
Append to Log=0
TerminateBtn Operation=2
Errors Number=32
Errors Terminate=3
Email Address=
Email Object=
Email Send Options=0
Output Path=
Encrypt Password=
AutoCloseDialogSecs=0
WebSendMode=0
SupportULR=
HTMLLayout Count=15
HTMLLine0="%U003Chtml%U003E"
HTMLLine1="  %U003Chead%U003E"
HTMLLine2="  %U003C/head%U003E"
HTMLLine3="  %U003Cbody TopMargin=10 LeftMargin=10%U003E"
HTMLLine4="    %U003Ctable width="100%%" border="0"%U003E"
HTMLLine5="      %U003Ctr%U003E"
HTMLLine6="        %U003Ctd nowrap%U003E"
HTMLLine7="          %U003Cfont face="Lucida Console, Courier" size="2"%U003E"
HTMLLine8="            %U003C%%HTML_TAG%%%U003E"
HTMLLine9="          %U003C/font%U003E"
HTMLLine10="        %U003C/td%U003E"
HTMLLine11="      %U003C/tr%U003E"
HTMLLine12="    %U003C/table%U003E"
HTMLLine13="  %U003C/body%U003E"
HTMLLine14="%U003C/html%U003E"
AutoCrashOperation=2
AutoCrashNumber=10
AutoCrashMinutes=1
WebURL=
WebUserID=
WebPassword=
WebPort=0
AttachedFiles=
ProxyURL=
ProxyUser=
ProxyPassword=
ProxyPort=8080
TrakerUser=
TrakerPassword=
TrakerAssignTo=
TrakerProject=
TrakerCategory=
TrakerTrialID=
ZipPassword=
PreBuildEvent=
PostSuccessfulBuildEvent=
PostFailureBuildEvent=
ExceptionDialogType=2
Count=0
EMail Message Line Count=0
loNoDuplicateErrors=0
loAppendReproduceText=0
loDeleteLogAtVersionChange=0
loAddComputerNameInLogFileName=0
loSaveModulesAndProcessesSections=1
loSaveAssemblerAndCPUSections=1
soAppStartDate=1
soAppName=1
soAppVersionNumber=1
soAppParameters=1
soAppCompilationDate=1
soAppUpTime=1
soExcDate=1
soExcAddress=1
soExcModuleName=1
soExcModuleVersion=1
soExcType=1
soExcMessage=1
soExcID=1
soExcCount=1
soExcStatus=1
soExcNote=1
soUserID=1
soUserName=1
soUserEmail=1
soUserPrivileges=1
soUserCompany=1
soActCtlsFormClass=1
soActCtlsFormText=1
soActCtlsControlClass=1
soActCtlsControlText=1
soCmpName=1
soCmpTotalMemory=1
soCmpFreeMemory=1
soCmpTotalDisk=1
soCmpFreeDisk=1
soCmpSysUpTime=1
soCmpProcessor=1
soCmpDisplayMode=1
soCmpDisplayDPI=1
soCmpVideoCard=1
soCmpPrinter=1
soOSType=1
soOSBuildN=1
soOSUpdate=1
soOSLanguage=1
soOSCharset=1
soNetIP=1
soNetSubmask=1
soNetGateway=1
soNetDNS1=1
soNetDNS2=1
soNetDHCP=1
soCustomData=1
sndShowSendDialog=1
sndShowSuccessFailureMsg=0
sndSendEntireLog=0
sndSendXMLLogCopy=0
sndSendScreenshot=1
sndUseOnlyActiveWindow=0
sndSendLastHTMLPage=1
sndSendInSeparatedThread=0
sndAddDateInFileName=0
sndAddComputerNameInFileName=0
edoSendErrorReportChecked=1
edoAttachScreenshotChecked=1
edoShowCopyToClipOption=1
edoShowDetailsButton=1
edoShowInDetailedMode=0
edoShowInTopMostMode=0
edoUseEurekaLogLookAndFeel=0
edoShowSendErrorReportOption=1
edoShowAttachScreenshotOption=1
edoShowCustomButton=0
csoShowDLLs=1
csoShowBPLs=1
csoShowBorlandThreads=1
csoShowWindowsThreads=1
csoDoNotStoreProcNames=0
boPauseBorlandThreads=0
boDoNotPauseMainThread=0
boPauseWindowsThreads=0
boUseMainModuleOptions=1
boCopyLogInCaseOfError=1
boSaveCompressedCopyInCaseOfError=0
boHandleSafeCallExceptions=1
boCallRTLExceptionEvent=0
boCatchHandledExceptions=0
loCatchLeaks=0
loGroupsSonLeaks=1
loHideBorlandLeaks=1
loFreeAllLeaks=1
loCatchLeaksExceptions=1
cfoReduceFileSize=1
cfoCheckFileCorruption=0
Count mtInformationMsgCaption=1
mtInformationMsgCaption0="Information."
Count mtQuestionMsgCaption=1
mtQuestionMsgCaption0="Question."
Count mtErrorMsgCaption=1
mtErrorMsgCaption0="Error."
Count mtDialog_Caption=1
mtDialog_Caption0="Error occurred"
Count mtDialog_ErrorMsgCaption=2
mtDialog_ErrorMsgCaption0="An error has occurred during program execution."
mtDialog_ErrorMsgCaption1="Please read the following information for further details."
Count mtDialog_GeneralCaption=1
mtDialog_GeneralCaption0="General"
Count mtDialog_GeneralHeader=1
mtDialog_GeneralHeader0="General Information"
Count mtDialog_CallStackCaption=1
mtDialog_CallStackCaption0="Call Stack"
Count mtDialog_CallStackHeader=1
mtDialog_CallStackHeader0="Call Stack Information"
Count mtDialog_ModulesCaption=1
mtDialog_ModulesCaption0="Modules"
Count mtDialog_ModulesHeader=1
mtDialog_ModulesHeader0="Modules Information"
Count mtDialog_ProcessesCaption=1
mtDialog_ProcessesCaption0="Processes"
Count mtDialog_ProcessesHeader=1
mtDialog_ProcessesHeader0="Processes Information"
Count mtDialog_AsmCaption=1
mtDialog_AsmCaption0="Assembler"
Count mtDialog_AsmHeader=1
mtDialog_AsmHeader0="Assembler Information"
Count mtDialog_CPUCaption=1
mtDialog_CPUCaption0="CPU"
Count mtDialog_CPUHeader=1
mtDialog_CPUHeader0="CPU Information"
Count mtDialog_OKButtonCaption=1
mtDialog_OKButtonCaption0="%U0026OK"
Count mtDialog_TerminateButtonCaption=1
mtDialog_TerminateButtonCaption0="%U0026Terminate"
Count mtDialog_RestartButtonCaption=1
mtDialog_RestartButtonCaption0="%U0026Restart"
Count mtDialog_DetailsButtonCaption=1
mtDialog_DetailsButtonCaption0="%U0026Details"
Count mtDialog_CustomButtonCaption=1
mtDialog_CustomButtonCaption0="%U0026Help"
Count mtDialog_SendMessage=1
mtDialog_SendMessage0="%U0026Send this error via Internet"
Count mtDialog_ScreenshotMessage=1
mtDialog_ScreenshotMessage0="%U0026Attach a Screenshot image"
Count mtDialog_CopyMessage=1
mtDialog_CopyMessage0="%U0026Copy to Clipboard"
Count mtDialog_SupportMessage=1
mtDialog_SupportMessage0="Go to the Support Page"
Count mtMSDialog_ErrorMsgCaption=1
mtMSDialog_ErrorMsgCaption0="The application has encountered a problem. We are sorry for the inconvenience."
Count mtMSDialog_RestartCaption=1
mtMSDialog_RestartCaption0="Restart application."
Count mtMSDialog_TerminateCaption=1
mtMSDialog_TerminateCaption0="Terminate application."
Count mtMSDialog_PleaseCaption=1
mtMSDialog_PleaseCaption0="Please tell us about this problem."
Count mtMSDialog_DescriptionCaption=1
mtMSDialog_DescriptionCaption0="We have created an error report that you can send to us. We will treat this report as confidential and anonymous."
Count mtMSDialog_SeeDetailsCaption=1
mtMSDialog_SeeDetailsCaption0="To see what data the error report contains,"
Count mtMSDialog_SeeClickCaption=1
mtMSDialog_SeeClickCaption0="click here."
Count mtMSDialog_HowToReproduceCaption=1
mtMSDialog_HowToReproduceCaption0="What were you doing when the problem happened (optional)?"
Count mtMSDialog_EmailCaption=1
mtMSDialog_EmailCaption0="Email address (optional):"
Count mtMSDialog_SendButtonCaption=1
mtMSDialog_SendButtonCaption0="%U0026Send Error Report"
Count mtMSDialog_NoSendButtonCaption=1
mtMSDialog_NoSendButtonCaption0="%U0026Don't Send"
Count mtLog_AppHeader=1
mtLog_AppHeader0="Application"
Count mtLog_AppStartDate=1
mtLog_AppStartDate0="Start Date"
Count mtLog_AppName=1
mtLog_AppName0="Name/Description"
Count mtLog_AppVersionNumber=1
mtLog_AppVersionNumber0="Version Number"
Count mtLog_AppParameters=1
mtLog_AppParameters0="Parameters"
Count mtLog_AppCompilationDate=1
mtLog_AppCompilationDate0="Compilation Date"
Count mtLog_AppUpTime=1
mtLog_AppUpTime0="Up Time"
Count mtLog_ExcHeader=1
mtLog_ExcHeader0="Exception"
Count mtLog_ExcDate=1
mtLog_ExcDate0="Date"
Count mtLog_ExcAddress=1
mtLog_ExcAddress0="Address"
Count mtLog_ExcModuleName=1
mtLog_ExcModuleName0="Module Name"
Count mtLog_ExcModuleVersion=1
mtLog_ExcModuleVersion0="Module Version"
Count mtLog_ExcType=1
mtLog_ExcType0="Type"
Count mtLog_ExcMessage=1
mtLog_ExcMessage0="Message"
Count mtLog_ExcID=1
mtLog_ExcID0="ID"
Count mtLog_ExcCount=1
mtLog_ExcCount0="Count"
Count mtLog_ExcStatus=1
mtLog_ExcStatus0="Status"
Count mtLog_ExcNote=1
mtLog_ExcNote0="Note"
Count mtLog_UserHeader=1
mtLog_UserHeader0="User"
Count mtLog_UserID=1
mtLog_UserID0="ID"
Count mtLog_UserName=1
mtLog_UserName0="Name"
Count mtLog_UserEmail=1
mtLog_UserEmail0="Email"
Count mtLog_UserCompany=1
mtLog_UserCompany0="Company"
Count mtLog_UserPrivileges=1
mtLog_UserPrivileges0="Privileges"
Count mtLog_ActCtrlsHeader=1
mtLog_ActCtrlsHeader0="Active Controls"
Count mtLog_ActCtrlsFormClass=1
mtLog_ActCtrlsFormClass0="Form Class"
Count mtLog_ActCtrlsFormText=1
mtLog_ActCtrlsFormText0="Form Text"
Count mtLog_ActCtrlsControlClass=1
mtLog_ActCtrlsControlClass0="Control Class"
Count mtLog_ActCtrlsControlText=1
mtLog_ActCtrlsControlText0="Control Text"
Count mtLog_CmpHeader=1
mtLog_CmpHeader0="Computer"
Count mtLog_CmpName=1
mtLog_CmpName0="Name"
Count mtLog_CmpTotalMemory=1
mtLog_CmpTotalMemory0="Total Memory"
Count mtLog_CmpFreeMemory=1
mtLog_CmpFreeMemory0="Free Memory"
Count mtLog_CmpTotalDisk=1
mtLog_CmpTotalDisk0="Total Disk"
Count mtLog_CmpFreeDisk=1
mtLog_CmpFreeDisk0="Free Disk"
Count mtLog_CmpSystemUpTime=1
mtLog_CmpSystemUpTime0="System Up Time"
Count mtLog_CmpProcessor=1
mtLog_CmpProcessor0="Processor"
Count mtLog_CmpDisplayMode=1
mtLog_CmpDisplayMode0="Display Mode"
Count mtLog_CmpDisplayDPI=1
mtLog_CmpDisplayDPI0="Display DPI"
Count mtLog_CmpVideoCard=1
mtLog_CmpVideoCard0="Video Card"
Count mtLog_CmpPrinter=1
mtLog_CmpPrinter0="Printer"
Count mtLog_OSHeader=1
mtLog_OSHeader0="Operating System"
Count mtLog_OSType=1
mtLog_OSType0="Type"
Count mtLog_OSBuildN=1
mtLog_OSBuildN0="Build #"
Count mtLog_OSUpdate=1
mtLog_OSUpdate0="Update"
Count mtLog_OSLanguage=1
mtLog_OSLanguage0="Language"
Count mtLog_OSCharset=1
mtLog_OSCharset0="Charset"
Count mtLog_NetHeader=1
mtLog_NetHeader0="Network"
Count mtLog_NetIP=1
mtLog_NetIP0="IP Address"
Count mtLog_NetSubmask=1
mtLog_NetSubmask0="Submask"
Count mtLog_NetGateway=1
mtLog_NetGateway0="Gateway"
Count mtLog_NetDNS1=1
mtLog_NetDNS10="DNS 1"
Count mtLog_NetDNS2=1
mtLog_NetDNS20="DNS 2"
Count mtLog_NetDHCP=1
mtLog_NetDHCP0="DHCP"
Count mtLog_CustInfoHeader=1
mtLog_CustInfoHeader0="Custom Information"
Count mtCallStack_Address=1
mtCallStack_Address0="Address"
Count mtCallStack_Name=1
mtCallStack_Name0="Module"
Count mtCallStack_Unit=1
mtCallStack_Unit0="Unit"
Count mtCallStack_Class=1
mtCallStack_Class0="Class"
Count mtCallStack_Procedure=1
mtCallStack_Procedure0="Procedure/Method"
Count mtCallStack_Line=1
mtCallStack_Line0="Line"
Count mtCallStack_MainThread=1
mtCallStack_MainThread0="Main"
Count mtCallStack_ExceptionThread=1
mtCallStack_ExceptionThread0="Exception Thread"
Count mtCallStack_RunningThread=1
mtCallStack_RunningThread0="Running Thread"
Count mtCallStack_CallingThread=1
mtCallStack_CallingThread0="Calling Thread"
Count mtCallStack_ThreadID=1
mtCallStack_ThreadID0="ID"
Count mtCallStack_ThreadPriority=1
mtCallStack_ThreadPriority0="Priority"
Count mtCallStack_ThreadClass=1
mtCallStack_ThreadClass0="Class"
Count mtCallStack_LeakCaption=1
mtCallStack_LeakCaption0="Memory Leak"
Count mtCallStack_LeakData=1
mtCallStack_LeakData0="Data"
Count mtCallStack_LeakType=1
mtCallStack_LeakType0="Type"
Count mtCallStack_LeakSize=1
mtCallStack_LeakSize0="Total size"
Count mtCallStack_LeakCount=1
mtCallStack_LeakCount0="Count"
Count mtSendDialog_Caption=1
mtSendDialog_Caption0="Send."
Count mtSendDialog_Message=1
mtSendDialog_Message0="Message"
Count mtSendDialog_Resolving=1
mtSendDialog_Resolving0="Resolving DNS..."
Count mtSendDialog_Login=1
mtSendDialog_Login0="Login..."
Count mtSendDialog_Connecting=1
mtSendDialog_Connecting0="Connecting with server..."
Count mtSendDialog_Connected=1
mtSendDialog_Connected0="Connected with server."
Count mtSendDialog_Sending=1
mtSendDialog_Sending0="Sending message..."
Count mtSendDialog_Sent=1
mtSendDialog_Sent0="Message sent."
Count mtSendDialog_SelectProject=1
mtSendDialog_SelectProject0="Select project..."
Count mtSendDialog_Searching=1
mtSendDialog_Searching0="Searching..."
Count mtSendDialog_Modifying=1
mtSendDialog_Modifying0="Modifying..."
Count mtSendDialog_Disconnecting=1
mtSendDialog_Disconnecting0="Disconnecting..."
Count mtSendDialog_Disconnected=1
mtSendDialog_Disconnected0="Disconnected."
Count mtReproduceDialog_Caption=1
mtReproduceDialog_Caption0="Request"
Count mtReproduceDialog_Request=1
mtReproduceDialog_Request0="Please describe the steps to reproduce the error:"
Count mtReproduceDialog_OKButtonCaption=1
mtReproduceDialog_OKButtonCaption0="%U0026OK"
Count mtModules_Handle=1
mtModules_Handle0="Handle"
Count mtModules_Name=1
mtModules_Name0="Name"
Count mtModules_Description=1
mtModules_Description0="Description"
Count mtModules_Version=1
mtModules_Version0="Version"
Count mtModules_Size=1
mtModules_Size0="Size"
Count mtModules_LastModified=1
mtModules_LastModified0="Modified"
Count mtModules_Path=1
mtModules_Path0="Path"
Count mtProcesses_ID=1
mtProcesses_ID0="ID"
Count mtProcesses_Name=1
mtProcesses_Name0="Name"
Count mtProcesses_Description=1
mtProcesses_Description0="Description"
Count mtProcesses_Version=1
mtProcesses_Version0="Version"
Count mtProcesses_Memory=1
mtProcesses_Memory0="Memory"
Count mtProcesses_Priority=1
mtProcesses_Priority0="Priority"
Count mtProcesses_Threads=1
mtProcesses_Threads0="Threads"
Count mtProcesses_Path=1
mtProcesses_Path0="Path"
Count mtCPU_Registers=1
mtCPU_Registers0="Registers"
Count mtCPU_Stack=1
mtCPU_Stack0="Stack"
Count mtCPU_MemoryDump=1
mtCPU_MemoryDump0="Memory Dump"
Count mtSend_SuccessMsg=1
mtSend_SuccessMsg0="The message was sent successfully."
Count mtSend_FailureMsg=1
mtSend_FailureMsg0="Sorry, sending the message didn't work."
Count mtSend_BugClosedMsg=2
mtSend_BugClosedMsg0="These BUG is just closed."
mtSend_BugClosedMsg1="Contact the program support to obtain an update."
Count mtSend_UnknownErrorMsg=1
mtSend_UnknownErrorMsg0="Unknown error."
Count mtSend_InvalidLoginMsg=1
mtSend_InvalidLoginMsg0="Invalid login request."
Count mtSend_InvalidSearchMsg=1
mtSend_InvalidSearchMsg0="Invalid search request."
Count mtSend_InvalidSelectionMsg=1
mtSend_InvalidSelectionMsg0="Invalid selection request."
Count mtSend_InvalidInsertMsg=1
mtSend_InvalidInsertMsg0="Invalid insert request."
Count mtSend_InvalidModifyMsg=1
mtSend_InvalidModifyMsg0="Invalid modify request."
Count mtFileCrackedMsg=2
mtFileCrackedMsg0="This file is cracked."
mtFileCrackedMsg1="The application will be closed."
Count mtException_LeakMultiFree=1
mtException_LeakMultiFree0="Multi Free memory leak."
Count mtException_LeakMemoryOverrun=1
mtException_LeakMemoryOverrun0="Memory Overrun leak."
Count mtException_AntiFreeze=1
mtException_AntiFreeze0="The application seems to be frozen."
Count mtInvalidEmailMsg=1
mtInvalidEmailMsg0="Invalid email."
TextsCollection=English
EurekaLog Last Line -->
