<?xml version="1.0" encoding="utf-8"?>
<Project xmlns="http://schemas.microsoft.com/developer/msbuild/2003">
  <PropertyGroup>
    <ProjectGuid>{3cbc48b9-1535-4679-b84b-e7d6dfa6140a}</ProjectGuid>
    <MainSource>tmsd2007.dpk</MainSource>
    <Configuration Condition=" '$(Configuration)' == '' ">Debug</Configuration>
    <Platform Condition=" '$(Platform)' == '' ">AnyCPU</Platform>
    <DCC_DCCCompiler>DCC32</DCC_DCCCompiler>
    <DCC_DependencyCheckOutputName>C:\Users\Public\Documents\RAD Studio\5.0\Bpl\tmsd2007.bpl</DCC_DependencyCheckOutputName>
  </PropertyGroup>
  <PropertyGroup Condition=" '$(Configuration)|$(Platform)' == 'Release|AnyCPU' ">
    <Version>7.0</Version>
    <DCC_DebugInformation>False</DCC_DebugInformation>
    <DCC_WriteableConstants>True</DCC_WriteableConstants>
    <DCC_LocalDebugSymbols>False</DCC_LocalDebugSymbols>
    <DCC_SymbolReferenceInfo>0</DCC_SymbolReferenceInfo>
    <DCC_CBuilderOutput>All</DCC_CBuilderOutput>
    <DCC_Define>RELEASE</DCC_Define>
  </PropertyGroup>
  <PropertyGroup Condition=" '$(Configuration)|$(Platform)' == 'Debug|AnyCPU' ">
    <Version>7.0</Version>
    <DCC_WriteableConstants>True</DCC_WriteableConstants>
    <DCC_CBuilderOutput>All</DCC_CBuilderOutput>
  </PropertyGroup>
  <ProjectExtensions>
    <Borland.Personality>Delphi.Personality</Borland.Personality>
    <Borland.ProjectType>Package</Borland.ProjectType>
    <BorlandProject>
<BorlandProject><Delphi.Personality><Parameters><Parameters Name="UseLauncher">False</Parameters><Parameters Name="LoadAllSymbols">True</Parameters><Parameters Name="LoadUnspecifiedSymbols">False</Parameters></Parameters><Package_Options><Package_Options Name="PackageDescription">TMS Component Pack</Package_Options><Package_Options Name="ImplicitBuild">False</Package_Options><Package_Options Name="DesigntimeOnly">False</Package_Options><Package_Options Name="RuntimeOnly">False</Package_Options></Package_Options><VersionInfo><VersionInfo Name="IncludeVerInfo">True</VersionInfo><VersionInfo Name="AutoIncBuild">False</VersionInfo><VersionInfo Name="MajorVer">1</VersionInfo><VersionInfo Name="MinorVer">0</VersionInfo><VersionInfo Name="Release">0</VersionInfo><VersionInfo Name="Build">0</VersionInfo><VersionInfo Name="Debug">False</VersionInfo><VersionInfo Name="PreRelease">False</VersionInfo><VersionInfo Name="Special">False</VersionInfo><VersionInfo Name="Private">False</VersionInfo><VersionInfo Name="DLL">False</VersionInfo><VersionInfo Name="Locale">2067</VersionInfo><VersionInfo Name="CodePage">1252</VersionInfo></VersionInfo><VersionInfoKeys><VersionInfoKeys Name="CompanyName"></VersionInfoKeys><VersionInfoKeys Name="FileDescription"></VersionInfoKeys><VersionInfoKeys Name="FileVersion">1.0.0.0</VersionInfoKeys><VersionInfoKeys Name="InternalName"></VersionInfoKeys><VersionInfoKeys Name="LegalCopyright"></VersionInfoKeys><VersionInfoKeys Name="LegalTrademarks"></VersionInfoKeys><VersionInfoKeys Name="OriginalFilename"></VersionInfoKeys><VersionInfoKeys Name="ProductName"></VersionInfoKeys><VersionInfoKeys Name="ProductVersion">1.0.0.0</VersionInfoKeys><VersionInfoKeys Name="Comments"></VersionInfoKeys></VersionInfoKeys><Source><Source Name="MainSource">tmsd2007.dpk</Source></Source></Delphi.Personality></BorlandProject></BorlandProject>
  </ProjectExtensions>
  <Import Project="$(MSBuildBinPath)\Borland.Delphi.Targets" />
  <ItemGroup>
    <DelphiCompile Include="tmsd2007.dpk">
      <MainSource>MainSource</MainSource>
    </DelphiCompile>
    <DCCReference Include="ACLDD.pas" />
    <DCCReference Include="acreg.dcr" />
    <DCCReference Include="acreg.dcr" />
    <DCCReference Include="acreg.pas" />
    <DCCReference Include="ACXPVS.pas" />
    <DCCReference Include="AdvAlertWindow.pas" />
    <DCCReference Include="AdvAlertWindowReg.dcr" />
    <DCCReference Include="AdvAlertWindowReg.dcr" />
    <DCCReference Include="AdvAlertWindowReg.pas" />
    <DCCReference Include="advappstyler.dcr" />
    <DCCReference Include="advappstyler.dcr" />
    <DCCReference Include="advappstyler.pas" />
    <DCCReference Include="advcalculatordropdown.pas" />
    <DCCReference Include="AdvCardList.pas" />
    <DCCReference Include="AdvCardListGradient.pas" />
    <DCCReference Include="AdvCardListReg.pas" />
    <DCCReference Include="AdvCardListStyler.pas" />
    <DCCReference Include="Advcgrid.pas" />
    <DCCReference Include="AdvCircularProgress.pas" />
    <DCCReference Include="AdvCircularProgressReg.dcr" />
    <DCCReference Include="AdvCircularProgressReg.dcr" />
    <DCCReference Include="AdvCircularProgressReg.pas" />
    <DCCReference Include="AdvCodeHint.pas" />
    <DCCReference Include="AdvCodeList.pas" />
    <DCCReference Include="AdvCodeListDD.pas" />
    <DCCReference Include="AdvCodeListLib.pas" />
    <DCCReference Include="advcolorpickerdropdown.pas" />
    <DCCReference Include="AdvColumnSetter.pas" />
    <DCCReference Include="Advcombo.pas" />
    <DCCReference Include="advcontroldropdown.pas" />
    <DCCReference Include="AdvCustomGridDropDown.pas" />
    <DCCReference Include="AdvDateTimePicker.pas" />
    <DCCReference Include="AdvDateTimePickerReg.dcr" />
    <DCCReference Include="AdvDateTimePickerReg.dcr" />
    <DCCReference Include="AdvDateTimePickerReg.pas" />
    <DCCReference Include="AdvDBComboBox.pas" />
    <DCCReference Include="AdvDBComboBoxReg.dcr" />
    <DCCReference Include="AdvDBComboBoxReg.dcr" />
    <DCCReference Include="AdvDBComboBoxReg.pas" />
    <DCCReference Include="AdvDBDateTimePicker.pas" />
    <DCCReference Include="AdvDBLookupComboBox.pas" />
    <DCCReference Include="AdvDBLookupComboBoxReg.dcr" />
    <DCCReference Include="AdvDBLookupComboBoxReg.dcr" />
    <DCCReference Include="AdvDBLookupComboBoxReg.pas" />
    <DCCReference Include="advdetaildropdown.pas" />
    <DCCReference Include="AdvDirectoryEdit.dcr" />
    <DCCReference Include="AdvDirectoryEdit.dcr" />
    <DCCReference Include="AdvDirectoryEdit.pas" />
    <DCCReference Include="advdropdown.pas" />
    <DCCReference Include="advdropdownreg.dcr" />
    <DCCReference Include="advdropdownreg.dcr" />
    <DCCReference Include="advdropdownreg.pas" />
    <DCCReference Include="AdvDWM.pas" />
    <DCCReference Include="advedbr.dcr" />
    <DCCReference Include="advedbr.dcr" />
    <DCCReference Include="advedbr.pas" />
    <DCCReference Include="AdvEdBtn.pas" />
    <DCCReference Include="adveddd.pas" />
    <DCCReference Include="Advedit.pas" />
    <DCCReference Include="AdvFileNameEdit.dcr" />
    <DCCReference Include="AdvFileNameEdit.dcr" />
    <DCCReference Include="AdvFileNameEdit.pas" />
    <DCCReference Include="AdvFontCombo.pas" />
    <DCCReference Include="advgdip.pas" />
    <DCCReference Include="AdvGlassButton.pas" />
    <DCCReference Include="AdvGlassButtonReg.dcr" />
    <DCCReference Include="AdvGlassButtonReg.dcr" />
    <DCCReference Include="AdvGlassButtonReg.pas" />
    <DCCReference Include="advglowbutton.pas" />
    <DCCReference Include="advglowbuttonreg.dcr" />
    <DCCReference Include="advglowbuttonreg.dcr" />
    <DCCReference Include="advglowbuttonreg.pas" />
    <DCCReference Include="AdvGradient.pas" />
    <DCCReference Include="Advgrid.pas" />
    <DCCReference Include="advgridcsvpager.pas" />
    <DCCReference Include="AdvGridDropDown.pas" />
    <DCCReference Include="AdvGridDropDownReg.pas" />
    <DCCReference Include="AdvGridLookupBar.pas" />
    <DCCReference Include="AdvGridRtf.pas" />
    <DCCReference Include="AdvGridWorkbook.pas" />
    <DCCReference Include="AdvGroupBox.pas" />
    <DCCReference Include="AdvGroupBoxReg.dcr" />
    <DCCReference Include="AdvGroupBoxReg.dcr" />
    <DCCReference Include="AdvGroupBoxReg.pas" />
    <DCCReference Include="advhintinfo.pas" />
    <DCCReference Include="advimage.pas" />
    <DCCReference Include="advimagepickerdropdown.pas" />
    <DCCReference Include="Advlistv.pas" />
    <DCCReference Include="AdvLookupBar.pas" />
    <DCCReference Include="AdvLookupBarReg.pas" />
    <DCCReference Include="advlued.pas" />
    <DCCReference Include="advluedr.dcr" />
    <DCCReference Include="advluedr.dcr" />
    <DCCReference Include="advluedr.pas" />
    <DCCReference Include="advmbs.pas" />
    <DCCReference Include="advmcshs.pas" />
    <DCCReference Include="Advmcss.pas" />
    <DCCReference Include="AdvMEdBr.pas" />
    <DCCReference Include="AdvMEdBtn.pas" />
    <DCCReference Include="AdvMemo.pas" />
    <DCCReference Include="advmemodropdown.pas" />
    <DCCReference Include="AdvMemoReg.dcr" />
    <DCCReference Include="AdvMemoReg.dcr" />
    <DCCReference Include="AdvMemoReg.pas" />
    <DCCReference Include="AdvMemoStylerManager.pas" />
    <DCCReference Include="AdvMenuRegister.dcr" />
    <DCCReference Include="AdvMenuRegister.dcr" />
    <DCCReference Include="AdvMenuRegister.pas" />
    <DCCReference Include="AdvMenus.pas" />
    <DCCReference Include="AdvMenuStylers.pas" />
    <DCCReference Include="AdvMenuUtil.pas" />
    <DCCReference Include="advmes.pas" />
    <DCCReference Include="AdvmINIs.pas" />
    <DCCReference Include="AdvMoneyEdit.pas" />
    <DCCReference Include="AdvMoneyEditReg.dcr" />
    <DCCReference Include="AdvMoneyEditReg.dcr" />
    <DCCReference Include="AdvMoneyEditReg.pas" />
    <DCCReference Include="advmphp.pas" />
    <DCCReference Include="advmpls.pas" />
    <DCCReference Include="advmps.pas" />
    <DCCReference Include="advmpys.pas" />
    <DCCReference Include="AdvmSQLs.pas" />
    <DCCReference Include="advmulticolumndropdown.pas" />
    <DCCReference Include="advmws.pas" />
    <DCCReference Include="Advmxml.pas" />
    <DCCReference Include="AdvNavBar.pas" />
    <DCCReference Include="AdvNavBarReg.dcr" />
    <DCCReference Include="AdvNavBarReg.dcr" />
    <DCCReference Include="AdvNavBarReg.pas" />
    <DCCReference Include="Advobj.pas" />
    <DCCReference Include="AdvOfficeButtons.pas" />
    <DCCReference Include="AdvOfficeButtonsReg.dcr" />
    <DCCReference Include="AdvOfficeButtonsReg.dcr" />
    <DCCReference Include="AdvOfficeButtonsReg.pas" />
    <DCCReference Include="AdvOfficeComboBox.pas" />
    <DCCReference Include="advofficehint.pas" />
    <DCCReference Include="advofficehintreg.pas" />
    <DCCReference Include="advofficeimage.pas" />
    <DCCReference Include="advofficeimagereg.dcr" />
    <DCCReference Include="advofficeimagereg.dcr" />
    <DCCReference Include="advofficeimagereg.pas" />
    <DCCReference Include="advofficepager.pas" />
    <DCCReference Include="advofficepagerreg.pas" />
    <DCCReference Include="advofficepagerstylers.pas" />
    <DCCReference Include="AdvOfficeSelectors.pas" />
    <DCCReference Include="AdvOfficeStatusBar.pas" />
    <DCCReference Include="AdvOfficeStatusBarReg.dcr" />
    <DCCReference Include="AdvOfficeStatusBarReg.dcr" />
    <DCCReference Include="AdvOfficeStatusBarReg.pas" />
    <DCCReference Include="AdvOfficeStatusBarStylers.pas" />
    <DCCReference Include="AdvOfficeTabSet.pas" />
    <DCCReference Include="AdvOfficeTabSetReg.dcr" />
    <DCCReference Include="AdvOfficeTabSetReg.dcr" />
    <DCCReference Include="AdvOfficeTabSetReg.pas" />
    <DCCReference Include="AdvOfficeTabSetStylers.pas" />
    <DCCReference Include="advoutlooklist.pas" />
    <DCCReference Include="advoutlooklistreg.dcr" />
    <DCCReference Include="advoutlooklistreg.dcr" />
    <DCCReference Include="advoutlooklistreg.pas" />
    <DCCReference Include="AdvPageControl.pas" />
    <DCCReference Include="AdvPageControlreg.dcr" />
    <DCCReference Include="AdvPageControlreg.dcr" />
    <DCCReference Include="AdvPageControlreg.pas" />
    <DCCReference Include="advpanel.pas" />
    <DCCReference Include="advpicr.dcr" />
    <DCCReference Include="advpicr.dcr" />
    <DCCReference Include="advpicr.pas" />
    <DCCReference Include="advpicture.pas" />
    <DCCReference Include="advpnlreg.dcr" />
    <DCCReference Include="advpnlreg.dcr" />
    <DCCReference Include="advpnlreg.pas" />
    <DCCReference Include="advpreviewmenu.pas" />
    <DCCReference Include="advpreviewmenureg.pas" />
    <DCCReference Include="advpreviewmenustylers.pas" />
    <DCCReference Include="Advprogr.pas" />
    <DCCReference Include="AdvProgressBar.pas" />
    <DCCReference Include="AdvProgressBarReg.dcr" />
    <DCCReference Include="AdvProgressBarReg.dcr" />
    <DCCReference Include="AdvProgressBarReg.pas" />
    <DCCReference Include="advqryr.dcr" />
    <DCCReference Include="advqryr.dcr" />
    <DCCReference Include="advqryr.pas" />
    <DCCReference Include="AdvQueryDialog.pas" />
    <DCCReference Include="AdvRefLabelReg.dcr" />
    <DCCReference Include="AdvRefLabelReg.dcr" />
    <DCCReference Include="AdvRefLabelReg.pas" />
    <DCCReference Include="AdvReflectionImage.pas" />
    <DCCReference Include="AdvReflectionImageReg.dcr" />
    <DCCReference Include="AdvReflectionImageReg.dcr" />
    <DCCReference Include="AdvReflectionImageReg.pas" />
    <DCCReference Include="AdvReflectionLabel.pas" />
    <DCCReference Include="AdvScrollBox.pas" />
    <DCCReference Include="AdvScrollBoxReg.dcr" />
    <DCCReference Include="AdvScrollBoxReg.dcr" />
    <DCCReference Include="AdvScrollBoxReg.pas" />
    <DCCReference Include="AdvSelectors.pas" />
    <DCCReference Include="AdvShape.pas" />
    <DCCReference Include="advshapebutton.pas" />
    <DCCReference Include="advshapebuttonreg.pas" />
    <DCCReference Include="AdvShaper.pas" />
    <DCCReference Include="AdvShapeReg.dcr" />
    <DCCReference Include="AdvShapeReg.dcr" />
    <DCCReference Include="AdvShapeReg.pas" />
    <DCCReference Include="AdvShaperReg.dcr" />
    <DCCReference Include="AdvShaperReg.dcr" />
    <DCCReference Include="AdvShaperReg.pas" />
    <DCCReference Include="AdvSmartMessageBox.pas" />
    <DCCReference Include="AdvSmartMessageBoxReg.pas" />
    <DCCReference Include="advspin.pas" />
    <DCCReference Include="AdvSplitter.pas" />
    <DCCReference Include="AdvSplitterReg.dcr" />
    <DCCReference Include="AdvSplitterReg.dcr" />
    <DCCReference Include="AdvSplitterReg.pas" />
    <DCCReference Include="AdvStickyPopupMenu.pas" />
    <DCCReference Include="AdvStickyPopupMenuReg.pas" />
    <DCCReference Include="advstyleif.pas" />
    <DCCReference Include="AdvSyskeyboardHookReg.dcr" />
    <DCCReference Include="AdvTabSet.pas" />
    <DCCReference Include="AdvTabSetReg.dcr" />
    <DCCReference Include="AdvTabSetReg.dcr" />
    <DCCReference Include="AdvTabSetReg.pas" />
    <DCCReference Include="AdvTBXPVS.pas" />
    <DCCReference Include="advtimepickerdropdown.pas" />
    <DCCReference Include="AdvToolBar.pas" />
    <DCCReference Include="AdvToolBarReg.pas" />
    <DCCReference Include="AdvToolBarStylers.pas" />
    <DCCReference Include="advtoolbtn.pas" />
    <DCCReference Include="AdvTrackbar.pas" />
    <DCCReference Include="advtrackbardropdown.pas" />
    <DCCReference Include="AdvTrackBarReg.pas" />
    <DCCReference Include="AdvTreeComboBox.pas" />
    <DCCReference Include="AdvTreeComboBoxReg.pas" />
    <DCCReference Include="Advutil.pas" />
    <DCCReference Include="AdvWiiProgressBar.pas" />
    <DCCReference Include="AdvWiiProgressBarReg.dcr" />
    <DCCReference Include="AdvWiiProgressBarReg.dcr" />
    <DCCReference Include="AdvWiiProgressBarReg.pas" />
    <DCCReference Include="AdvXPVS.pas" />
    <DCCReference Include="AEBXPVS.pas" />
    <DCCReference Include="aereg.dcr" />
    <DCCReference Include="aereg.dcr" />
    <DCCReference Include="aereg.pas" />
    <DCCReference Include="alvreg.dcr" />
    <DCCReference Include="alvreg.dcr" />
    <DCCReference Include="alvreg.pas" />
    <DCCReference Include="Alvutil.pas" />
    <DCCReference Include="alxpvs.pas" />
    <DCCReference Include="Aniedit.pas">
      <Form>AniEditor</Form>
    </DCCReference>
    <DCCReference Include="ANIICON.PAS" />
    <DCCReference Include="anireg.dcr" />
    <DCCReference Include="anireg.dcr" />
    <DCCReference Include="anireg.pas" />
    <DCCReference Include="AOBXPVS.pas" />
    <DCCReference Include="apreg.pas" />
    <DCCReference Include="APXPVS.pas" />
    <DCCReference Include="asgcheck.pas" />
    <DCCReference Include="asgcombo.pas" />
    <DCCReference Include="asgcreg.pas" />
    <DCCReference Include="AsgDateTimePicker.pas" />
    <DCCReference Include="asgdd.pas" />
    <DCCReference Include="Asgedit.pas" />
    <DCCReference Include="AsgFindDialog.pas">
      <Form>AsgFindDlg</Form>
    </DCCReference>
    <DCCReference Include="AsgHTML.pas" />
    <DCCReference Include="AsgHTMLE.pas" />
    <DCCReference Include="AsgImport.pas">
      <Form>AsgImport</Form>
    </DCCReference>
    <DCCReference Include="AsgLinks.pas" />
    <DCCReference Include="AsgListB.pas" />
    <DCCReference Include="AsgMemo.pas" />
    <DCCReference Include="Asgprev.pas">
      <Form>AdvPreviewForm</Form>
    </DCCReference>
    <DCCReference Include="Asgprint.pas">
      <Form>AdvGridPrintSettingsForm</Form>
    </DCCReference>
    <DCCReference Include="Asgreg.pas" />
    <DCCReference Include="AsgReplaceDialog.pas">
      <Form>AsgReplaceDialog</Form>
    </DCCReference>
    <DCCReference Include="Asgspin.pas" />
    <DCCReference Include="AsgUni.pas" />
    <DCCReference Include="asreg.dcr" />
    <DCCReference Include="asreg.dcr" />
    <DCCReference Include="asreg.pas" />
    <DCCReference Include="AstaPatchUtil.dcr" />
    <DCCReference Include="AstaPatchUtil.dcr" />
    <DCCReference Include="AstaPatchUtil.pas" />
    <DCCReference Include="ASXPVS.pas" />
    <DCCReference Include="atbreg.dcr" />
    <DCCReference Include="atbreg.dcr" />
    <DCCReference Include="atbreg.pas" />
    <DCCReference Include="AtbXPVS.pas" />
    <DCCReference Include="ATXPVS.pas" />
    <DCCReference Include="BaseGrid.pas" />
    <DCCReference Include="btnlireg.dcr" />
    <DCCReference Include="btnlireg.dcr" />
    <DCCReference Include="btnlireg.pas" />
    <DCCReference Include="BtnListB.pas" />
    <DCCReference Include="BtnXPVS.pas" />
    <DCCReference Include="C:\Users\Administrator\Desktop\adortl.dcp" />
    <DCCReference Include="C:\Users\Administrator\Desktop\bdertl.dcp" />
    <DCCReference Include="C:\Users\Administrator\Desktop\dbrtl.dcp" />
    <DCCReference Include="C:\Users\Administrator\Desktop\rtl.dcp" />
    <DCCReference Include="C:\Users\Administrator\Desktop\vcl.dcp" />
    <DCCReference Include="C:\Users\Administrator\Desktop\vclactnband.dcp" />
    <DCCReference Include="C:\Users\Administrator\Desktop\VCLDB.dcp" />
    <DCCReference Include="C:\Users\Administrator\Desktop\vcljpg.dcp" />
    <DCCReference Include="C:\Users\Administrator\Desktop\VCLSMP.dcp" />
    <DCCReference Include="C:\Users\Administrator\Desktop\vclx.dcp" />
    <DCCReference Include="C:\Users\Administrator\Desktop\xmlrtl.dcp" />
    <DCCReference Include="cabfdi.pas" />
    <DCCReference Include="Cabfiles.pas" />
    <DCCReference Include="cabr.dcr" />
    <DCCReference Include="cabr.dcr" />
    <DCCReference Include="cabr.pas" />
    <DCCReference Include="calcreg.dcr" />
    <DCCReference Include="calcreg.dcr" />
    <DCCReference Include="calpreg.dcr" />
    <DCCReference Include="calpreg.dcr" />
    <DCCReference Include="ccedlink.pas" />
    <DCCReference Include="cexpvs.pas" />
    <DCCReference Include="Clisted.pas" />
    <DCCReference Include="clistedr.dcr" />
    <DCCReference Include="clistedr.dcr" />
    <DCCReference Include="clistedr.pas" />
    <DCCReference Include="colcombo.pas" />
    <DCCReference Include="colcoreg.dcr" />
    <DCCReference Include="colcoreg.dcr" />
    <DCCReference Include="colcoreg.pas" />
    <DCCReference Include="collireg.dcr" />
    <DCCReference Include="collireg.dcr" />
    <DCCReference Include="collireg.pas" />
    <DCCReference Include="collistb.pas" />
    <DCCReference Include="ColorCombo.pas" />
    <DCCReference Include="customizerbtnu.pas" />
    <DCCReference Include="customizeru.pas" />
    <DCCReference Include="datelbl.dcr" />
    <DCCReference Include="datelbl.dcr" />
    <DCCReference Include="datelbl.pas" />
    <DCCReference Include="DBAdvCalculatorDropDown.pas" />
    <DCCReference Include="DBAdvCardList.pas" />
    <DCCReference Include="DBAdvCardListReg.pas" />
    <DCCReference Include="DBAdvColorPickerDropDown.pas" />
    <DCCReference Include="DBAdvControlDropDown.pas" />
    <DCCReference Include="DBAdvDetailDropDown.pas" />
    <DCCReference Include="DBAdvDropDownReg.pas" />
    <DCCReference Include="DBAdvEd.pas" />
    <DCCReference Include="DBAdvEdBtn.pas" />
    <DCCReference Include="DBAdvEdBtnReg.dcr" />
    <DCCReference Include="DBAdvEdBtnReg.dcr" />
    <DCCReference Include="DBAdvEdBtnReg.pas" />
    <DCCReference Include="DBAdvGDIPPicture.pas" />
    <DCCReference Include="DBAdvGDIPPictureReg.pas" />
    <DCCReference Include="DBAdvGlowNavigator.pas" />
    <DCCReference Include="DBAdvGlowNavigatorReg.dcr" />
    <DCCReference Include="DBAdvGlowNavigatorReg.dcr" />
    <DCCReference Include="DBAdvGlowNavigatorReg.pas" />
    <DCCReference Include="DBAdvGrid.pas" />
    <DCCReference Include="DBAdvGridReg.pas" />
    <DCCReference Include="DBAdvImagePickerDropDown.pas" />
    <DCCReference Include="dbadvle.pas" />
    <DCCReference Include="dbadvler.dcr" />
    <DCCReference Include="dbadvler.dcr" />
    <DCCReference Include="dbadvler.pas" />
    <DCCReference Include="Dbadvlst.pas" />
    <DCCReference Include="DBAdvMemo.pas" />
    <DCCReference Include="DBAdvMemoDropDown.pas" />
    <DCCReference Include="DBAdvMoneyEdit.pas" />
    <DCCReference Include="dbadvmoneyeditreg.pas" />
    <DCCReference Include="DBAdvMultiColumnDropDown.pas" />
    <DCCReference Include="DBAdvNavigator.pas" />
    <DCCReference Include="DBAdvOfficeButtons.pas" />
    <DCCReference Include="DBAdvOfficeButtonsReg.pas" />
    <DCCReference Include="DBAdvPicture.pas" />
    <DCCReference Include="DBAdvPictureReg.pas" />
    <DCCReference Include="DBAdvSp.pas" />
    <DCCReference Include="DBAdvTimePickerDropDown.pas" />
    <DCCReference Include="DBAdvTrackBar.pas" />
    <DCCReference Include="DBAdvTrackBarDropDown.pas" />
    <DCCReference Include="DBAdvTrackBarReg.pas" />
    <DCCReference Include="dbaereg.dcr" />
    <DCCReference Include="dbaereg.dcr" />
    <DCCReference Include="dbaereg.pas" />
    <DCCReference Include="dbanreg.dcr" />
    <DCCReference Include="dbanreg.dcr" />
    <DCCReference Include="dbanreg.pas" />
    <DCCReference Include="dbasreg.dcr" />
    <DCCReference Include="dbasreg.dcr" />
    <DCCReference Include="dbasreg.pas" />
    <DCCReference Include="dbhtmlab.pas" />
    <DCCReference Include="dbhtmlar.dcr" />
    <DCCReference Include="dbhtmlar.dcr" />
    <DCCReference Include="dbhtmlar.pas" />
    <DCCReference Include="DBHTMLBtns.pas" />
    <DCCReference Include="DBHTMLBtnsReg.dcr" />
    <DCCReference Include="DBHTMLBtnsReg.dcr" />
    <DCCReference Include="DBHTMLBtnsReg.pas" />
    <DCCReference Include="DBInspectorBar.pas" />
    <DCCReference Include="DBInspectorBarReg.dcr" />
    <DCCReference Include="DBInspectorBarReg.dcr" />
    <DCCReference Include="DBInspectorBarReg.pas" />
    <DCCReference Include="dblucmbr.dcr" />
    <DCCReference Include="dblucmbr.dcr" />
    <DCCReference Include="dblucmbr.pas" />
    <DCCReference Include="dblucomb.pas" />
    <DCCReference Include="dbmereg.dcr" />
    <DCCReference Include="dbmereg.dcr" />
    <DCCReference Include="dbmereg.pas" />
    <DCCReference Include="dbmnyed.pas" />
    <DCCReference Include="DBPlanner.pas" />
    <DCCReference Include="DBPlannerCal.pas" />
    <DCCReference Include="DBPlannerCalReg.dcr" />
    <DCCReference Include="DBPlannerCalReg.dcr" />
    <DCCReference Include="DBPlannerCalReg.pas" />
    <DCCReference Include="DBPlannerDatePicker.pas" />
    <DCCReference Include="DBPlannerMonthView.pas" />
    <DCCReference Include="DBPlannerMonthViewReg.pas" />
    <DCCReference Include="dbplanreg.dcr" />
    <DCCReference Include="dbplanreg.dcr" />
    <DCCReference Include="dbplanreg.pas" />
    <DCCReference Include="dbslstbox.pas" />
    <DCCReference Include="dbslstreg.dcr" />
    <DCCReference Include="dbslstreg.dcr" />
    <DCCReference Include="dbslstreg.pas" />
    <DCCReference Include="DBTodoList.pas" />
    <DCCReference Include="DBTodoListReg.dcr" />
    <DCCReference Include="DBTodoListReg.dcr" />
    <DCCReference Include="DBTodoListReg.pas" />
    <DCCReference Include="Editbtn.pas" />
    <DCCReference Include="Editlist.pas" />
    <DCCReference Include="edtbreg.dcr" />
    <DCCReference Include="edtbreg.dcr" />
    <DCCReference Include="edtbreg.pas" />
    <DCCReference Include="edtlstreg.dcr" />
    <DCCReference Include="edtlstreg.dcr" />
    <DCCReference Include="edtlstreg.pas" />
    <DCCReference Include="EllipsLblReg.dcr" />
    <DCCReference Include="EllipsLblReg.dcr" />
    <DCCReference Include="ExeInfoReg.dcr" />
    <DCCReference Include="ExeInfoReg.dcr" />
    <DCCReference Include="flctrlex.pas" />
    <DCCReference Include="flctrlr.pas" />
    <DCCReference Include="folderdialog.pas" />
    <DCCReference Include="folderdialogreg.dcr" />
    <DCCReference Include="folderdialogreg.dcr" />
    <DCCReference Include="folderdialogreg.pas" />
    <DCCReference Include="frmctrllink.pas" />
    <DCCReference Include="frmsreg.dcr" />
    <DCCReference Include="frmsreg.dcr" />
    <DCCReference Include="fsreg.dcr" />
    <DCCReference Include="fsreg.dcr" />
    <DCCReference Include="gdipicture.pas" />
    <DCCReference Include="GradientLabel.pas" />
    <DCCReference Include="GradientLblReg.dcr" />
    <DCCReference Include="GradientLblReg.dcr" />
    <DCCReference Include="GradientLblReg.pas" />
    <DCCReference Include="Hilireg.dcr" />
    <DCCReference Include="Hilireg.dcr" />
    <DCCReference Include="Hilireg.pas" />
    <DCCReference Include="Hintlist.pas" />
    <DCCReference Include="HotSpotImageReg.dcr" />
    <DCCReference Include="HotSpotImageReg.dcr" />
    <DCCReference Include="htmbureg.dcr" />
    <DCCReference Include="htmbureg.dcr" />
    <DCCReference Include="htmbureg.pas" />
    <DCCReference Include="Htmcombo.pas" />
    <DCCReference Include="htmcoreg.dcr" />
    <DCCReference Include="htmcoreg.dcr" />
    <DCCReference Include="htmcoreg.pas" />
    <DCCReference Include="htmhireg.dcr" />
    <DCCReference Include="htmhireg.dcr" />
    <DCCReference Include="htmhireg.pas" />
    <DCCReference Include="Htmlabel.pas" />
    <DCCReference Include="htmlareg.dcr" />
    <DCCReference Include="htmlareg.dcr" />
    <DCCReference Include="htmlareg.pas" />
    <DCCReference Include="Htmlbtns.pas" />
    <DCCReference Include="htmlchklireg.dcr" />
    <DCCReference Include="htmlchklireg.dcr" />
    <DCCReference Include="htmlchklireg.pas" />
    <DCCReference Include="HtmlChkList.pas" />
    <DCCReference Include="HTMLCredit.pas" />
    <DCCReference Include="HTMLCreditReg.dcr" />
    <DCCReference Include="HTMLCreditReg.dcr" />
    <DCCReference Include="HTMLCreditReg.pas" />
    <DCCReference Include="htmldialog.pas" />
    <DCCReference Include="htmldlgr.dcr" />
    <DCCReference Include="htmldlgr.dcr" />
    <DCCReference Include="htmldlgr.pas" />
    <DCCReference Include="HTMLForm.pas" />
    <DCCReference Include="HTMLFormReg.dcr" />
    <DCCReference Include="HTMLFormReg.dcr" />
    <DCCReference Include="HTMLFormReg.pas" />
    <DCCReference Include="Htmlhint.pas" />
    <DCCReference Include="htmlireg.dcr" />
    <DCCReference Include="htmlireg.dcr" />
    <DCCReference Include="htmlireg.pas" />
    <DCCReference Include="Htmlistb.pas" />
    <DCCReference Include="HTMLPopup.pas" />
    <DCCReference Include="HTMLPopupReg.dcr" />
    <DCCReference Include="HTMLPopupReg.dcr" />
    <DCCReference Include="HTMLPopupReg.pas" />
    <DCCReference Include="HTMLStatusBar.pas" />
    <DCCReference Include="htmltext.pas" />
    <DCCReference Include="HTMLTLREG.dcr" />
    <DCCReference Include="HTMLTLREG.dcr" />
    <DCCReference Include="HTMLTLREG.pas" />
    <DCCReference Include="HTMLTreeList.pas" />
    <DCCReference Include="Htmltv.pas" />
    <DCCReference Include="htmltvr.dcr" />
    <DCCReference Include="htmltvr.dcr" />
    <DCCReference Include="htmltvr.pas" />
    <DCCReference Include="htmlxpvs.pas" />
    <DCCReference Include="htmstbr.dcr" />
    <DCCReference Include="htmstbr.dcr" />
    <DCCReference Include="htmstbr.pas" />
    <DCCReference Include="htmstreg.dcr" />
    <DCCReference Include="htmstreg.dcr" />
    <DCCReference Include="htmstreg.pas" />
    <DCCReference Include="ImagePicker.pas" />
    <DCCReference Include="imgpickr.dcr" />
    <DCCReference Include="imgpickr.dcr" />
    <DCCReference Include="imgpickr.pas" />
    <DCCReference Include="INIInspectorBar.pas" />
    <DCCReference Include="INIInspectorBarReg.dcr" />
    <DCCReference Include="INIInspectorBarReg.dcr" />
    <DCCReference Include="INIInspectorBarReg.pas" />
    <DCCReference Include="InspDD.pas" />
    <DCCReference Include="inspectorbar.pas" />
    <DCCReference Include="InspectorBarReg.dcr" />
    <DCCReference Include="InspectorBarReg.dcr" />
    <DCCReference Include="InspectorBarReg.pas" />
    <DCCReference Include="InspEdits.pas" />
    <DCCReference Include="InspImg.pas" />
    <DCCReference Include="InspLinks.pas" />
    <DCCReference Include="InspXPVS.pas" />
    <DCCReference Include="lfreg.dcr" />
    <DCCReference Include="lfreg.dcr" />
    <DCCReference Include="Listlink.pas" />
    <DCCReference Include="llreg.dcr" />
    <DCCReference Include="llreg.dcr" />
    <DCCReference Include="llreg.pas" />
    <DCCReference Include="Lucombo.pas" />
    <DCCReference Include="lureg.dcr" />
    <DCCReference Include="lureg.dcr" />
    <DCCReference Include="lureg.pas" />
    <DCCReference Include="MacroRecorderReg.dcr" />
    <DCCReference Include="MacroRecorderReg.dcr" />
    <DCCReference Include="Maskedex.pas" />
    <DCCReference Include="moneyedit.pas" />
    <DCCReference Include="MoneyEdr.dcr" />
    <DCCReference Include="MoneyEdr.dcr" />
    <DCCReference Include="MoneyEdr.pas" />
    <DCCReference Include="mskreg.pas" />
    <DCCReference Include="Mswheel.pas" />
    <DCCReference Include="olnkreg.dcr" />
    <DCCReference Include="olnkreg.dcr" />
    <DCCReference Include="outlookgroupedlist.pas" />
    <DCCReference Include="paramchklist.pas" />
    <DCCReference Include="paramchklreg.dcr" />
    <DCCReference Include="paramchklreg.dcr" />
    <DCCReference Include="paramchklreg.pas" />
    <DCCReference Include="paramlabel.pas" />
    <DCCReference Include="paramlabreg.dcr" />
    <DCCReference Include="paramlabreg.dcr" />
    <DCCReference Include="paramlabreg.pas" />
    <DCCReference Include="paramlistbox.pas" />
    <DCCReference Include="Paramlst.pas" />
    <DCCReference Include="paramlstreg.dcr" />
    <DCCReference Include="paramlstreg.dcr" />
    <DCCReference Include="paramlstreg.pas" />
    <DCCReference Include="paramtreeview.pas" />
    <DCCReference Include="paramtreeviewreg.dcr" />
    <DCCReference Include="paramtreeviewreg.dcr" />
    <DCCReference Include="paramtreeviewreg.pas" />
    <DCCReference Include="ParHTML.pas" />
    <DCCReference Include="parlreg.dcr" />
    <DCCReference Include="parlreg.dcr" />
    <DCCReference Include="parlreg.pas" />
    <DCCReference Include="ParXPVS.pas" />
    <DCCReference Include="pdlgreg.dcr" />
    <DCCReference Include="pdlgreg.dcr" />
    <DCCReference Include="pdlgreg.pas" />
    <DCCReference Include="Pickdlg.pas">
      <Form>SelectForm</Form>
    </DCCReference>
    <DCCReference Include="piclistreg.dcr" />
    <DCCReference Include="piclistreg.dcr" />
    <DCCReference Include="piclistreg.pas" />
    <DCCReference Include="PictureContainer.pas" />
    <DCCReference Include="PictureContainerReg.dcr" />
    <DCCReference Include="PictureContainerReg.dcr" />
    <DCCReference Include="PictureContainerReg.pas" />
    <DCCReference Include="PictureList.pas" />
    <DCCReference Include="plancheck.pas" />
    <DCCReference Include="PlanCombo.pas" />
    <DCCReference Include="PlanDraw.pas" />
    <DCCReference Include="PlanHTML.pas" />
    <DCCReference Include="PlanItemEdit.pas">
      <Form>DefaultPlannerItemEditForm</Form>
    </DCCReference>
    <DCCReference Include="Planner.pas" />
    <DCCReference Include="planneractions.pas" />
    <DCCReference Include="PlannerCal.pas" />
    <DCCReference Include="PlannerCalReg.dcr" />
    <DCCReference Include="PlannerCalReg.dcr" />
    <DCCReference Include="PlannerCalReg.pas" />
    <DCCReference Include="PlannerDatePicker.pas" />
    <DCCReference Include="PlannerDBDatePicker.pas" />
    <DCCReference Include="PlannerDBMaskDatePicker.pas" />
    <DCCReference Include="PlannerMaskDatePicker.pas" />
    <DCCReference Include="PlannerMonthView.pas" />
    <DCCReference Include="PlannerMonthViewReg.dcr" />
    <DCCReference Include="PlannerMonthViewReg.dcr" />
    <DCCReference Include="PlannerMonthViewReg.pas" />
    <DCCReference Include="PlannerWaitList.pas" />
    <DCCReference Include="planobj.pas" />
    <DCCReference Include="PlanPeriodEdit.pas">
      <Form>PeriodPlannerItemEditForm</Form>
    </DCCReference>
    <DCCReference Include="planproppref.pas" />
    <DCCReference Include="PlanRecurr.pas" />
    <DCCReference Include="PlanRecurrEdit.pas">
      <Form>RecurrEdit</Form>
    </DCCReference>
    <DCCReference Include="planreg.dcr" />
    <DCCReference Include="planreg.dcr" />
    <DCCReference Include="planreg.pas" />
    <DCCReference Include="PlanSimpleEdit.pas">
      <Form>SimplePlannerItemEditForm</Form>
    </DCCReference>
    <DCCReference Include="PlanStyles.pas">
      <Form>PlanStyleForm</Form>
    </DCCReference>
    <DCCReference Include="planuni.pas" />
    <DCCReference Include="planutil.pas" />
    <DCCReference Include="PlanXPVS.pas" />
    <DCCReference Include="Propscrl.pas" />
    <DCCReference Include="RTFEngine.pas" />
    <DCCReference Include="Rtflabel.pas" />
    <DCCReference Include="rtflreg.dcr" />
    <DCCReference Include="rtflreg.dcr" />
    <DCCReference Include="rtflreg.pas" />
    <DCCReference Include="RTTIInspectorBar.pas" />
    <DCCReference Include="RTTIInspectorBarReg.dcr" />
    <DCCReference Include="RTTIInspectorBarReg.dcr" />
    <DCCReference Include="RTTIInspectorBarReg.pas" />
    <DCCReference Include="scrlreg.pas" />
    <DCCReference Include="Seldlg.pas">
      <Form>selectdialog</Form>
    </DCCReference>
    <DCCReference Include="SHADER.dcr" />
    <DCCReference Include="SHADER.dcr" />
    <DCCReference Include="SHADER.PAS" />
    <DCCReference Include="shelldlg.dcr" />
    <DCCReference Include="shelldlg.dcr" />
    <DCCReference Include="shelldlg.pas" />
    <DCCReference Include="Slstbox.pas" />
    <DCCReference Include="slstreg.dcr" />
    <DCCReference Include="slstreg.dcr" />
    <DCCReference Include="slstreg.pas" />
    <DCCReference Include="sysmreg.dcr" />
    <DCCReference Include="sysmreg.dcr" />
    <DCCReference Include="taskdialog.pas" />
    <DCCReference Include="taskdialogex.pas" />
    <DCCReference Include="ThumbnailList.pas" />
    <DCCReference Include="thumbreg.dcr" />
    <DCCReference Include="thumbreg.dcr" />
    <DCCReference Include="thumbreg.pas" />
    <DCCReference Include="Tilebmp.dcr" />
    <DCCReference Include="Tilebmp.dcr" />
    <DCCReference Include="Tilebmp.pas" />
    <DCCReference Include="tlreg.dcr" />
    <DCCReference Include="tlreg.dcr" />
    <DCCReference Include="tlreg.pas" />
    <DCCReference Include="TMSGraphicsReg.dcr" />
    <DCCReference Include="TMSGraphicsReg.dcr" />
    <DCCReference Include="TMSGraphicsReg.pas" />
    <DCCReference Include="TMSOfficeGraphicsReg.dcr" />
    <DCCReference Include="TMSOfficeGraphicsReg.dcr" />
    <DCCReference Include="TMSOfficeGraphicsReg.pas" />
    <DCCReference Include="TodoList.pas" />
    <DCCReference Include="TodoListReg.dcr" />
    <DCCReference Include="TodoListReg.dcr" />
    <DCCReference Include="TodoListReg.pas" />
    <DCCReference Include="TODOXPVS.pas" />
    <DCCReference Include="ToolPanels.pas" />
    <DCCReference Include="ToolPanelsReg.dcr" />
    <DCCReference Include="ToolPanelsReg.dcr" />
    <DCCReference Include="ToolPanelsReg.pas" />
    <DCCReference Include="Treelist.pas" />
    <DCCReference Include="uhtmcombo.pas" />
    <DCCReference Include="uhtmcoreg.dcr" />
    <DCCReference Include="uhtmcoreg.dcr" />
    <DCCReference Include="uhtmcoreg.pas" />
    <DCCReference Include="UHTMLabel.pas" />
    <DCCReference Include="uhtmlareg.dcr" />
    <DCCReference Include="uhtmlareg.dcr" />
    <DCCReference Include="uhtmlareg.pas" />
    <DCCReference Include="uhtmlireg.dcr" />
    <DCCReference Include="uhtmlireg.dcr" />
    <DCCReference Include="uhtmlireg.pas" />
    <DCCReference Include="UHTMListbox.pas" />
    <DCCReference Include="Ushldlg.pas" />
    <DCCReference Include="vCal.pas" />
    <DCCReference Include="vCalReg.dcr" />
    <DCCReference Include="vCalReg.dcr" />
    <DCCReference Include="vCalReg.pas" />
    <DCCReference Include="wallpaper.pas" />
    <DCCReference Include="wallpreg.dcr" />
    <DCCReference Include="wallpreg.dcr" />
    <DCCReference Include="wallpreg.pas" />
    <DCCReference Include="WcBase64.pas" />
    <DCCReference Include="WcLogin.pas" />
    <DCCReference Include="Wdatreg.dcr" />
    <DCCReference Include="Wdatreg.dcr" />
    <DCCReference Include="Wdatreg.pas" />
    <DCCReference Include="WebConnect.pas" />
    <DCCReference Include="WebConnectReg.dcr" />
    <DCCReference Include="WebConnectReg.dcr" />
    <DCCReference Include="WebConnectReg.pas" />
    <DCCReference Include="Webcopy.pas" />
    <DCCReference Include="Webcreg.dcr" />
    <DCCReference Include="Webcreg.dcr" />
    <DCCReference Include="Webcreg.pas" />
    <DCCReference Include="Webdata.pas" />
    <DCCReference Include="webimage.pas" />
    <DCCReference Include="WebImgR.dcr" />
    <DCCReference Include="WebImgR.dcr" />
    <DCCReference Include="WebImgR.pas" />
    <DCCReference Include="WebPost.pas" />
    <DCCReference Include="WebPostr.dcr" />
    <DCCReference Include="WebPostr.dcr" />
    <DCCReference Include="WebPostr.pas" />
    <DCCReference Include="wheelreg.dcr" />
    <DCCReference Include="wheelreg.dcr" />
    <DCCReference Include="wheelreg.pas" />
    <DCCReference Include="WinXP.dcr" />
    <DCCReference Include="WinXP.dcr" />
    <DCCReference Include="WinXP.pas" />
    <DCCReference Include="WuBase64.pas" />
    <DCCReference Include="wucrc32.pas" />
    <DCCReference Include="WuLogin.pas">
      <Form>LoginForm</Form>
    </DCCReference>
    <DCCReference Include="Wupdate.pas" />
    <DCCReference Include="WUpdateLanguages.pas" />
    <DCCReference Include="WUpdateLanguagesu.pas" />
    <DCCReference Include="WUpdateWiz.pas" />
    <DCCReference Include="Wupdreg.dcr" />
    <DCCReference Include="Wupdreg.dcr" />
    <DCCReference Include="Wupdreg.pas" />
    <DCCReference Include="WuWizForm.pas">
      <Form>WUWIZ</Form>
    </DCCReference>
    <None Include="ModelSupport\default.txaPackage" />
  </ItemGroup>
</Project>