<Project xmlns="http://schemas.microsoft.com/developer/msbuild/2003">
    <PropertyGroup>
        <ProjectGuid>{355f8050-813f-428f-8f6e-6176febceb1a}</ProjectGuid>
        <MainSource>tmsexdXE9.dpk</MainSource>
        <Configuration Condition=" '$(Configuration)' == '' ">Debug</Configuration>
        <DCC_DCCCompiler>DCC32</DCC_DCCCompiler>
        <DCC_DependencyCheckOutputName>C:\Documents and Settings\All Users\Documents\RAD Studio\5.0\Bpl\tmsexd2007.bpl</DCC_DependencyCheckOutputName>
        <ProjectVersion>18.1</ProjectVersion>
        <Config Condition="'$(Config)'==''">Release</Config>
        <Base>True</Base>
        <AppType>Package</AppType>
        <FrameworkType>VCL</FrameworkType>
        <Platform Condition="'$(Platform)'==''">Win32</Platform>
        <TargetedPlatforms>1</TargetedPlatforms>
    </PropertyGroup>
    <PropertyGroup Condition="'$(Config)'=='Base' or '$(Base)'!=''">
        <Base>true</Base>
    </PropertyGroup>
    <PropertyGroup Condition="('$(Platform)'=='Android' and '$(Base)'=='true') or '$(Base_Android)'!=''">
        <Base_Android>true</Base_Android>
        <CfgParent>Base</CfgParent>
        <Base>true</Base>
    </PropertyGroup>
    <PropertyGroup Condition="('$(Platform)'=='Win32' and '$(Base)'=='true') or '$(Base_Win32)'!=''">
        <Base_Win32>true</Base_Win32>
        <CfgParent>Base</CfgParent>
        <Base>true</Base>
    </PropertyGroup>
    <PropertyGroup Condition="'$(Config)'=='Release' or '$(Cfg_1)'!=''">
        <Cfg_1>true</Cfg_1>
        <CfgParent>Base</CfgParent>
        <Base>true</Base>
    </PropertyGroup>
    <PropertyGroup Condition="('$(Platform)'=='Win32' and '$(Cfg_1)'=='true') or '$(Cfg_1_Win32)'!=''">
        <Cfg_1_Win32>true</Cfg_1_Win32>
        <CfgParent>Cfg_1</CfgParent>
        <Cfg_1>true</Cfg_1>
        <Base>true</Base>
    </PropertyGroup>
    <PropertyGroup Condition="'$(Config)'=='Debug' or '$(Cfg_2)'!=''">
        <Cfg_2>true</Cfg_2>
        <CfgParent>Base</CfgParent>
        <Base>true</Base>
    </PropertyGroup>
    <PropertyGroup Condition="'$(Base)'!=''">
        <SanitizedProjectName>tmsexdXE9</SanitizedProjectName>
        <DCC_UsePackage>rtl;$(DCC_UsePackage)</DCC_UsePackage>
        <VerInfo_Keys>CompanyName=;FileDescription=;FileVersion=1.0.0.0;InternalName=;LegalCopyright=;LegalTrademarks=;OriginalFilename=;ProductName=;ProductVersion=1.0.0.0;Comments=</VerInfo_Keys>
        <VerInfo_IncludeVerInfo>true</VerInfo_IncludeVerInfo>
        <DCC_Namespace>Vcl;Vcl.Imaging;Vcl.Touch;Vcl.Samples;Vcl.Shell;System;Xml;Data;Data.Win;Datasnap;Web;Soap;Winapi;System.Win;$(DCC_Namespace)</DCC_Namespace>
        <VerInfo_Locale>2067</VerInfo_Locale>
        <DCC_CBuilderOutput>All</DCC_CBuilderOutput>
        <DCC_ImageBase>00400000</DCC_ImageBase>
        <DCC_Description>TMS Component Pack Extra</DCC_Description>
        <DCC_DependencyCheckOutputName>C:\Documents and Settings\All Users\Documents\RAD Studio\7.0\Bpl\tmsexd2010.bpl</DCC_DependencyCheckOutputName>
        <DCC_OutputNeverBuildDcps>true</DCC_OutputNeverBuildDcps>
        <GenDll>true</GenDll>
        <GenPackage>true</GenPackage>
    </PropertyGroup>
    <PropertyGroup Condition="'$(Base_Android)'!=''">
        <EnabledSysJars>android-support-v4.dex.jar;apk-expansion.dex.jar;cloud-messaging.dex.jar;fmx.dex.jar;google-analytics-v2.dex.jar;google-play-billing.dex.jar;google-play-licensing.dex.jar;google-play-services.dex.jar</EnabledSysJars>
        <DCC_UsePackage>DbxCommonDriver;soaprtl;dsnap;$(DCC_UsePackage)</DCC_UsePackage>
        <VerInfo_IncludeVerInfo>false</VerInfo_IncludeVerInfo>
        <BT_BuildType>Debug</BT_BuildType>
        <VerInfo_Keys>package=com.embarcadero.$(MSBuildProjectName);label=$(MSBuildProjectName);versionCode=1;versionName=1.0.0;persistent=False;restoreAnyVersion=False;installLocation=preferExternal;largeHeap=False;theme=TitleBar</VerInfo_Keys>
    </PropertyGroup>
    <PropertyGroup Condition="'$(Base_Win32)'!=''">
        <VerInfo_IncludeVerInfo>true</VerInfo_IncludeVerInfo>
        <DCC_Namespace>Datasnap.Win;Web.Win;Soap.Win;Xml.Win;Bde;$(DCC_Namespace)</DCC_Namespace>
        <VerInfo_Locale>1033</VerInfo_Locale>
        <DCC_UsePackage>vcl;tmsdxe2;tmsexdxe2;tmsdxe3;tmsdXE4;tmsdXE5;DbxCommonDriver;soaprtl;dsnap;tmsdXE9;$(DCC_UsePackage)</DCC_UsePackage>
    </PropertyGroup>
    <PropertyGroup Condition="'$(Cfg_1)'!=''">
        <DCC_DcuOutput>.\dcu</DCC_DcuOutput>
        <Version>7.0</Version>
        <DCC_DebugInformation>0</DCC_DebugInformation>
        <DCC_LocalDebugSymbols>False</DCC_LocalDebugSymbols>
        <DCC_SymbolReferenceInfo>0</DCC_SymbolReferenceInfo>
        <DCC_Define>RELEASE;$(DCC_Define)</DCC_Define>
    </PropertyGroup>
    <PropertyGroup Condition="'$(Cfg_1_Win32)'!=''">
        <VerInfo_Locale>1033</VerInfo_Locale>
        <DCC_DcuOutput>.\</DCC_DcuOutput>
        <Debugger_HostApplication>C:\Program Files (x86)\Embarcadero\RAD Studio\9.0\bin\bds.exe</Debugger_HostApplication>
    </PropertyGroup>
    <PropertyGroup Condition="'$(Cfg_2)'!=''">
        <DCC_DcuOutput>.\dcu</DCC_DcuOutput>
        <Version>7.0</Version>
        <DCC_CBuilderOutput>All</DCC_CBuilderOutput>
    </PropertyGroup>
    <ItemGroup>
        <DelphiCompile Include="$(MainSource)">
            <MainSource>MainSource</MainSource>
        </DelphiCompile>
        <DCCReference Include="AdvSyskeyboardHookReg.dcr"/>
        <DCCReference Include="AdvSmoothWin8MarqueeReg.dcr"/>
        <DCCReference Include="calpreg.dcr"/>
        <DCCReference Include="calcreg.dcr"/>
        <DCCReference Include="exeinforeg.dcr"/>
        <DCCReference Include="ellipslblreg.dcr"/>
        <DCCReference Include="fsreg.dcr"/>
        <DCCReference Include="frmsreg.dcr"/>
        <DCCReference Include="hotspotimagereg.dcr"/>
        <DCCReference Include="lfreg.dcr"/>
        <DCCReference Include="macrorecorderreg.dcr"/>
        <DCCReference Include="sysmreg.dcr"/>
        <DCCReference Include="advsmoothbuttonreg.dcr"/>
        <DCCReference Include="advsmoothcalendarreg.dcr"/>
        <DCCReference Include="advsmoothdatepickerreg.dcr"/>
        <DCCReference Include="advsmoothlabelreg.dcr"/>
        <DCCReference Include="advsmoothlistboxreg.dcr"/>
        <DCCReference Include="advsmoothcomboboxreg.dcr"/>
        <DCCReference Include="advsmoothimagelistboxreg.dcr"/>
        <DCCReference Include="advsmoothimagelistboxpickerreg.dcr"/>
        <DCCReference Include="advsmoothmenureg.dcr"/>
        <DCCReference Include="advsmoothpanelreg.dcr"/>
        <DCCReference Include="advsmoothspinnerreg.dcr"/>
        <DCCReference Include="advsmoothtrackbarreg.dcr"/>
        <DCCReference Include="advsmoothtogglebuttonreg.dcr"/>
        <DCCReference Include="advsmoothpagesliderreg.dcr"/>
        <DCCReference Include="advsmoothstatusindicatorreg.dcr"/>
        <DCCReference Include="advsmoothtabpagerreg.dcr"/>
        <DCCReference Include="advsmoothprogressbarreg.dcr"/>
        <DCCReference Include="advsmoothledlabelreg.dcr"/>
        <DCCReference Include="advsmoothjogwheelreg.dcr"/>
        <DCCReference Include="advsmoothgaugereg.dcr"/>
        <DCCReference Include="advsmoothexpandergroupreg.dcr"/>
        <DCCReference Include="advsmoothdockreg.dcr"/>
        <DCCReference Include="advsmoothsplashscreenreg.dcr"/>
        <DCCReference Include="advsmoothmessagedialogreg.dcr"/>
        <DCCReference Include="AdvSmoothMegaMenuReg.dcr"/>
        <DCCReference Include="advsmoothscrollbarreg.dcr"/>
        <DCCReference Include="advsmoothtimelinereg.dcr"/>
        <DCCReference Include="advsmoothsliderreg.dcr"/>
        <DCCReference Include="gdippicturecontainerreg.dcr"/>
        <DCCReference Include="advfocushelperreg.dcr"/>
        <DCCReference Include="advsmoothcalculatorreg.dcr"/>
        <DCCReference Include="AdvPolyPagerReg.dcr"/>
        <DCCReference Include="AdvHorizontalPolyListReg.dcr"/>
        <DCCReference Include="AdvPolyBoxReg.dcr"/>
        <DCCReference Include="AdvPolyListReg.dcr"/>
        <DCCReference Include="AdvVerticalPolyListReg.dcr"/>
        <DCCReference Include="AdvSmoothSlideShowReg.dcr"/>
        <DCCReference Include="SPBEPCReg.dcr"/>
        <DCCReference Include="AdvSmoothCapacityBarReg.dcr"/>
        <DCCReference Include="AdvSmoothPopupReg.dcr"/>
        <DCCReference Include="AdvSmoothStepControlReg.dcr"/>
        <DCCReference Include="W7Bars.dcr"/>
        <DCCReference Include="W7Buttons.dcr"/>
        <DCCReference Include="W7Images.dcr"/>
        <DCCReference Include="W7Labels.dcr"/>
        <DCCReference Include="W7ListViewItems.dcr"/>
        <DCCReference Include="W7NaviButtons.dcr"/>
        <DCCReference Include="W7Panels.dcr"/>
        <DCCReference Include="W7ProgressBars.dcr"/>
        <DCCReference Include="AdvSmoothTileListReg.dcr"/>
        <DCCReference Include="AdvDataLabelReg.dcr"/>
        <DCCReference Include="advduallistboxreg.dcr"/>
        <DCCReference Include="AdvWordCloudReg.dcr"/>
        <DCCReference Include="AdvSmoothCircularProgressReg.dcr"/>
        <DCCReference Include="AdvCurveReg.dcr"/>
        <DCCReference Include="AdvSmoothRotaryMenuReg.dcr"/>
        <DCCReference Include="ADVGAUGEREG.DCR"/>
        <DCCReference Include="ADVHTMLPICTUREBROWSERREG.DCR"/>
        <DCCReference Include="ADVPICTUREPANEREG.DCR"/>
        <DCCReference Include="ADVRANGECIRCLESREG.DCR"/>
        <DCCReference Include="WEBPICTURECONTAINERREG.DCR"/>
        <DCCReference Include="ADVSIGNATURECAPTUREREG.DCR"/>
        <DCCReference Include="ADVGRAPHICCHECKLABELREG.DCR"/>
        <DCCReference Include="ADVGAUGECIRCLEREG.DCR"/>
        <DCCReference Include="AdvMetroCategoryListReg.DCR"/>
        <DCCReference Include="AdvScrollMenu.dcr"/>
        <DCCReference Include="AdvTreeView.dcr"/>
        <DCCReference Include="AdvMultiInputQueryDialog.dcr"/>
        <DCCReference Include="rtl.dcp"/>
        <DCCReference Include="vcl.dcp"/>
        <DCCReference Include="tmsdXE9.dcp"/>
        <DCCReference Include="soaprtl.dcp"/>
        <DCCReference Include="dsnap.dcp"/>
        <DCCReference Include="DbxCommonDriver.dcp"/>
        <DCCReference Include="AdvSyskeyboardHookReg.pas"/>
        <DCCReference Include="AdvSyskeyboardHook.pas"/>
        <DCCReference Include="AdvTouchKeyboardReg.pas"/>
        <DCCReference Include="AdvTouchKeyboard.pas"/>
        <DCCReference Include="CurvyControls.pas"/>
        <DCCReference Include="CurvyControlsReg.pas"/>
        <DCCReference Include="AdvLockAppReg.pas"/>
        <DCCReference Include="AdvLockApp.pas"/>
        <DCCReference Include="AdvLockAppDlg.pas">
            <Form>AdvUnLockForm</Form>
        </DCCReference>
        <DCCReference Include="AeroButtons.pas"/>
        <DCCReference Include="AeroButtonsReg.pas"/>
        <DCCReference Include="AeroLabel.pas"/>
        <DCCReference Include="AeroLabelReg.pas"/>
        <DCCReference Include="AeroRes.pas"/>
        <DCCReference Include="AeroWizardButton.pas"/>
        <DCCReference Include="AeroWizardButtonReg.pas"/>
        <DCCReference Include="calpreg.pas"/>
        <DCCReference Include="calcomp.pas"/>
        <DCCReference Include="calcreg.pas"/>
        <DCCReference Include="calpanel.pas"/>
        <DCCReference Include="exeinforeg.pas"/>
        <DCCReference Include="ellipslabel.pas"/>
        <DCCReference Include="ellipslblreg.pas"/>
        <DCCReference Include="exeinfo.pas"/>
        <DCCReference Include="fsreg.pas"/>
        <DCCReference Include="formsize.pas"/>
        <DCCReference Include="frmshape.pas"/>
        <DCCReference Include="frmsreg.pas"/>
        <DCCReference Include="hotspotimagereg.pas"/>
        <DCCReference Include="hotspotimage.pas"/>
        <DCCReference Include="hotspoteditorcomp.pas"/>
        <DCCReference Include="hotspoteditor.pas">
            <Form>frmHSIEditor</Form>
        </DCCReference>
        <DCCReference Include="lfreg.pas"/>
        <DCCReference Include="linelibrary.pas"/>
        <DCCReference Include="macrorecorder.pas"/>
        <DCCReference Include="macrorecorderreg.pas"/>
        <DCCReference Include="layeredform.pas"/>
        <DCCReference Include="sysmreg.pas"/>
        <DCCReference Include="sysmon.pas"/>
        <DCCReference Include="moneycal.pas"/>
        <DCCReference Include="AdvFocusHelper.pas"/>
        <DCCReference Include="AdvFocusHelperReg.pas"/>
        <DCCReference Include="AdvSmoothButton.pas"/>
        <DCCReference Include="AdvSmoothButtonReg.pas"/>
        <DCCReference Include="AdvSmoothCalendar.pas"/>
        <DCCReference Include="AdvSmoothCalendarReg.pas"/>
        <DCCReference Include="AdvSmoothDatePicker.pas"/>
        <DCCReference Include="AdvSmoothDatePickerReg.pas"/>
        <DCCReference Include="AdvSmoothLabel.pas"/>
        <DCCReference Include="AdvSmoothLabelReg.pas"/>
        <DCCReference Include="DBAdvSmoothLabel.pas"/>
        <DCCReference Include="DBAdvSmoothLabelReg.pas"/>
        <DCCReference Include="AdvSmoothListBox.pas"/>
        <DCCReference Include="AdvSmoothListBoxDragDrop.pas"/>
        <DCCReference Include="AdvSmoothListBoxReg.pas"/>
        <DCCReference Include="AdvSmoothComboBox.pas"/>
        <DCCReference Include="AdvSmoothComboBoxReg.pas"/>
        <DCCReference Include="AdvSmoothImageListBox.pas"/>
        <DCCReference Include="AdvSmoothImageListBoxReg.pas"/>
        <DCCReference Include="AdvSmoothImageListBoxPicker.pas"/>
        <DCCReference Include="AdvSmoothImageListBoxPickerReg.pas"/>
        <DCCReference Include="AdvSmoothPanel.pas"/>
        <DCCReference Include="AdvSmoothPanelReg.pas"/>
        <DCCReference Include="AdvSmoothMenu.pas"/>
        <DCCReference Include="AdvSmoothMenuReg.pas"/>
        <DCCReference Include="AdvSmoothStyles.pas">
            <Form>AdvSmoothStyleForm</Form>
        </DCCReference>
        <DCCReference Include="AdvSmoothFillEditor.pas">
            <Form>AdvSmoothFillEditorForm</Form>
        </DCCReference>
        <DCCReference Include="AdvSmoothHTMLEditor.pas">
            <Form>AdvSmoothHTMLEditorForm</Form>
        </DCCReference>
        <DCCReference Include="AdvSmoothFillPreview.pas"/>
        <DCCReference Include="AdvSmoothFillPreviewReg.pas"/>
        <DCCReference Include="AdvSmoothSelectors.pas"/>
        <DCCReference Include="AdvSmoothSelectorsReg.pas"/>
        <DCCReference Include="AdvSmoothSpin.pas"/>
        <DCCReference Include="AdvSmoothSpinReg.pas"/>
        <DCCReference Include="AdvSmoothXPVS.pas"/>
        <DCCReference Include="AdvSmoothEddd.pas"/>
        <DCCReference Include="AdvSmoothEdit.pas"/>
        <DCCReference Include="AdvSmoothTheme.pas"/>
        <DCCReference Include="AdvSmoothEditButton.pas"/>
        <DCCReference Include="AdvSmoothSpinner.pas"/>
        <DCCReference Include="AdvSmoothSpinnerReg.pas"/>
        <DCCReference Include="AdvSmoothJogWheel.pas"/>
        <DCCReference Include="AdvSmoothJogWheelReg.pas"/>
        <DCCReference Include="AdvSmoothGauge.pas"/>
        <DCCReference Include="AdvSmoothGaugeReg.pas"/>
        <DCCReference Include="AdvSmoothTrackbar.pas"/>
        <DCCReference Include="AdvSmoothTrackbarReg.pas"/>
        <DCCReference Include="AdvSmoothStatusIndicator.pas"/>
        <DCCReference Include="AdvSmoothStatusIndicatorReg.pas"/>
        <DCCReference Include="AdvSmoothProgressBar.pas"/>
        <DCCReference Include="AdvSmoothProgressBarReg.pas"/>
        <DCCReference Include="AdvSmoothTabPager.pas"/>
        <DCCReference Include="AdvSmoothTabPagerReg.pas"/>
        <DCCReference Include="AdvSmoothToggleButton.pas"/>
        <DCCReference Include="AdvSmoothToggleButtonReg.pas"/>
        <DCCReference Include="AdvSmoothLEDLabel.pas"/>
        <DCCReference Include="AdvSmoothLEDLabelReg.pas"/>
        <DCCReference Include="DBAdvSmoothLedLabel.pas"/>
        <DCCReference Include="DBAdvSmoothLEDLabelReg.pas"/>
        <DCCReference Include="AdvSmoothDock.pas"/>
        <DCCReference Include="AdvSmoothDockReg.pas"/>
        <DCCReference Include="AdvSmoothDockDragDrop.pas"/>
        <DCCReference Include="AdvSmoothExpanderPanel.pas"/>
        <DCCReference Include="AdvSmoothExpanderPanelReg.pas"/>
        <DCCReference Include="AdvSmoothExpanderButtonPanel.pas"/>
        <DCCReference Include="AdvSmoothExpanderButtonPanelReg.pas"/>
        <DCCReference Include="AdvSmoothExpanderGroup.pas"/>
        <DCCReference Include="AdvSmoothExpanderGroupReg.pas"/>
        <DCCReference Include="AdvSmoothTimeLine.pas"/>
        <DCCReference Include="AdvSmoothTimeLineReg.pas"/>
        <DCCReference Include="AdvSmoothMessageDialog.pas"/>
        <DCCReference Include="AdvSmoothMessageDialogReg.pas"/>
        <DCCReference Include="AdvSmoothSplashScreen.pas"/>
        <DCCReference Include="AdvSmoothSplashScreenReg.pas"/>
        <DCCReference Include="AdvSmoothScrollBar.pas"/>
        <DCCReference Include="AdvSmoothScrollBarReg.pas"/>
        <DCCReference Include="AdvSmoothSlider.pas"/>
        <DCCReference Include="AdvSmoothSliderReg.pas"/>
        <DCCReference Include="AdvSmoothTouchKeyBoard.pas"/>
        <DCCReference Include="AdvSmoothTouchKeyBoardReg.pas"/>
        <DCCReference Include="AdvSmoothDropDownList.pas"/>
        <DCCReference Include="AdvSmoothMegaMenu.pas"/>
        <DCCReference Include="AdvSmoothMegaMenuReg.pas"/>
        <DCCReference Include="AdvSmoothCalculator.pas"/>
        <DCCReference Include="AdvSmoothCalculatorDropDown.pas"/>
        <DCCReference Include="AdvSmoothCalculatorReg.pas"/>
        <DCCReference Include="AdvExplorerTreeview.pas"/>
        <DCCReference Include="AdvExplorerTreeviewReg.pas"/>
        <DCCReference Include="AdvGDIPicture.pas"/>
        <DCCReference Include="AdvGDIPicReg.pas"/>
        <DCCReference Include="DBAdvGDIPPicture.pas"/>
        <DCCReference Include="DBAdvGDIPPictureReg.pas"/>
        <DCCReference Include="GDIPPictureContainer.pas"/>
        <DCCReference Include="GDIPPictureContainerReg.pas"/>
        <DCCReference Include="GDIPFill.pas"/>
        <DCCReference Include="gdipmenu.pas"/>
        <DCCReference Include="AdvSmoothImageListBoxDragDrop.pas"/>
        <DCCReference Include="DBAdvSmoothTimeLineReg.pas"/>
        <DCCReference Include="DBAdvSmoothComboBox.pas"/>
        <DCCReference Include="DBAdvSmoothComboBoxReg.pas"/>
        <DCCReference Include="DBAdvSmoothImageListBox.pas"/>
        <DCCReference Include="DBAdvSmoothImageListBoxReg.pas"/>
        <DCCReference Include="DBAdvSmoothDatePicker.pas"/>
        <DCCReference Include="DBAdvSmoothDatePickerReg.pas"/>
        <DCCReference Include="DBAdvSmoothListBox.pas"/>
        <DCCReference Include="DBAdvSmoothListBoxReg.pas"/>
        <DCCReference Include="DBAdvSmoothTimeLine.pas"/>
        <DCCReference Include="AdvHorizontalPolyList.pas"/>
        <DCCReference Include="AdvHorizontalPolyListReg.pas"/>
        <DCCReference Include="AdvPolyBox.pas"/>
        <DCCReference Include="AdvPolyBoxReg.pas"/>
        <DCCReference Include="AdvPolyList.pas"/>
        <DCCReference Include="AdvPolyListReg.pas"/>
        <DCCReference Include="AdvPolyPager.pas"/>
        <DCCReference Include="AdvPolyPagerReg.pas"/>
        <DCCReference Include="AdvVerticalPolyList.pas"/>
        <DCCReference Include="AdvVerticalPolyListReg.pas"/>
        <DCCReference Include="CustomItemsContainer.pas"/>
        <DCCReference Include="GDIPBase.pas"/>
        <DCCReference Include="GDIPButtonItem.pas"/>
        <DCCReference Include="GDIPCheckItem.pas"/>
        <DCCReference Include="GDIPCustomItem.pas"/>
        <DCCReference Include="GDIPDropDownItem.pas"/>
        <DCCReference Include="GDIPExpandableImageSectionItem.pas"/>
        <DCCReference Include="GDIPGraphicItem.pas"/>
        <DCCReference Include="GDIPGroupItem.pas"/>
        <DCCReference Include="GDIPHTMLItem.pas"/>
        <DCCReference Include="GDIPHTMLSectionItem.pas"/>
        <DCCReference Include="GDIPImageItem.pas"/>
        <DCCReference Include="GDIPImageSectionItem.pas"/>
        <DCCReference Include="GDIPImageTextButtonItem.pas"/>
        <DCCReference Include="GDIPImageTextButtonSectionItem.pas"/>
        <DCCReference Include="GDIPImageTextItem.pas"/>
        <DCCReference Include="GDIPLargeButtonedItem.pas"/>
        <DCCReference Include="GDIPRadioItem.pas"/>
        <DCCReference Include="GDIPSectionItem.pas"/>
        <DCCReference Include="GDIPTextItem.pas"/>
        <DCCReference Include="GDIPWedgeItem.pas"/>
        <DCCReference Include="GDIPButtonBarItem.pas"/>
        <DCCReference Include="GDIPFullDropDownItem.pas"/>
        <DCCReference Include="GDIPHeaderItem.pas"/>
        <DCCReference Include="GDIPLargeButtonedHTMLItem.pas"/>
        <DCCReference Include="GDIPSplitterItem.pas"/>
        <DCCReference Include="GDIPPreviewItem.pas"/>
        <DCCReference Include="AdvSmoothSlideShow.pas"/>
        <DCCReference Include="AdvSmoothSlideShowReg.pas"/>
        <DCCReference Include="GDIPProgressItem.pas"/>
        <DCCReference Include="AdvSmoothCapacityBar.pas"/>
        <DCCReference Include="AdvSmoothCapacityBarReg.pas"/>
        <DCCReference Include="SPBEPC.pas"/>
        <DCCReference Include="SPBEPCReg.pas"/>
        <DCCReference Include="AdvSmoothPopup.pas"/>
        <DCCReference Include="AdvSmoothPopupReg.pas"/>
        <DCCReference Include="AdvsmoothStepControl.pas"/>
        <DCCReference Include="AdvsmoothStepControlReg.pas"/>
        <DCCReference Include="TMSW7Reg.pas"/>
        <DCCReference Include="W7Bars.pas"/>
        <DCCReference Include="W7Buttons.pas"/>
        <DCCReference Include="W7Classes.pas"/>
        <DCCReference Include="W7Common.pas"/>
        <DCCReference Include="W7Graphics.pas"/>
        <DCCReference Include="W7Images.pas"/>
        <DCCReference Include="W7Labels.pas"/>
        <DCCReference Include="W7ListViewItems.pas"/>
        <DCCReference Include="W7NaviButtons.pas"/>
        <DCCReference Include="W7Panels.pas"/>
        <DCCReference Include="W7ProgressBars.pas"/>
        <DCCReference Include="AdvSmoothTileList.pas"/>
        <DCCReference Include="AdvSmoothTileListEx.pas"/>
        <DCCReference Include="AdvSmoothTileListHTMLVisualizer.pas"/>
        <DCCReference Include="AdvSmoothTileListImageVisualizer.pas"/>
        <DCCReference Include="AdvSmoothTileListReg.pas"/>
        <DCCReference Include="AdvSmoothPageSlider.pas"/>
        <DCCReference Include="AdvSmoothPageSliderReg.pas"/>
        <DCCReference Include="AdvMetroButton.pas"/>
        <DCCReference Include="AdvMetroButtonReg.pas"/>
        <DCCReference Include="AdvMetroDlgs.pas"/>
        <DCCReference Include="AdvMetroFindDialog.pas"/>
        <DCCReference Include="AdvMetroFindDialogReg.pas"/>
        <DCCReference Include="AdvMetroForm.pas"/>
        <DCCReference Include="AdvMetroHint.pas"/>
        <DCCReference Include="AdvMetroHintReg.pas"/>
        <DCCReference Include="AdvMetroProgressBar.pas"/>
        <DCCReference Include="AdvMetroProgressBarReg.pas"/>
        <DCCReference Include="AdvMetroReplaceDialog.pas"/>
        <DCCReference Include="AdvMetroReplaceDialogReg.pas"/>
        <DCCReference Include="AdvMetroRes.pas"/>
        <DCCReference Include="AdvMetroScrollBox.pas"/>
        <DCCReference Include="AdvMetroScrollBoxReg.pas"/>
        <DCCReference Include="AdvMetroTaskDialog.pas"/>
        <DCCReference Include="AdvMetroTaskDialogReg.pas"/>
        <DCCReference Include="AdvMetroTile.pas"/>
        <DCCReference Include="AdvSmoothCalendarGroup.pas"/>
        <DCCReference Include="AdvSmoothCalendarGroupReg.pas"/>
        <DCCReference Include="AdvDataLabel.pas"/>
        <DCCReference Include="AdvDataLabelReg.pas"/>
        <DCCReference Include="AdvListEditor.pas"/>
        <DCCReference Include="AdvListEditorReg.pas"/>
        <DCCReference Include="advduallistbox.pas"/>
        <DCCReference Include="advduallistboxreg.pas"/>
        <DCCReference Include="advwordcloud.pas"/>
        <DCCReference Include="advwordcloudreg.pas"/>
        <DCCReference Include="AdvWordCloudDropDownReg.pas"/>
        <DCCReference Include="AdvWordCloudDropDown.pas"/>
        <DCCReference Include="AdvSmoothCircularProgress.pas"/>
        <DCCReference Include="AdvSmoothCircularProgressReg.pas"/>
        <DCCReference Include="AdvFancyLabel.pas"/>
        <DCCReference Include="AdvFancyLabelReg.pas"/>
        <DCCReference Include="AdvCurve.pas"/>
        <DCCReference Include="AdvCurveReg.pas"/>
        <DCCReference Include="AdvSmoothRotaryMenu.pas"/>
        <DCCReference Include="AdvSmoothRotaryMenuReg.pas"/>
        <DCCReference Include="AdvSmoothWin8Marquee.pas"/>
        <DCCReference Include="AdvSmoothWin8MarqueeReg.pas"/>
        <DCCReference Include="AdvDBFormLayouter.pas"/>
        <DCCReference Include="AdvDBFormPanel.pas"/>
        <DCCReference Include="AdvDBFormPanelReg.pas"/>
        <DCCReference Include="AdvLabelReg.pas"/>
        <DCCReference Include="advlabel.pas"/>
        <DCCReference Include="DBAdvLabel.pas"/>
        <DCCReference Include="DBAdvLabelReg.pas"/>
        <DCCReference Include="AdvGraphicCheckLabel.pas"/>
        <DCCReference Include="AdvGraphicCheckLabelReg.pas"/>
        <DCCReference Include="DBAdvGraphicCheckLabel.pas"/>
        <DCCReference Include="DBAdvGraphicCheckLabelReg.pas"/>
        <DCCReference Include="DBAdvSmoothSlider.pas"/>
        <DCCReference Include="DBAdvSmoothSliderReg.pas"/>
        <DCCReference Include="ADVGAUGE.PAS"/>
        <DCCReference Include="ADVGAUGEREG.PAS"/>
        <DCCReference Include="ADVGAUGECIRCLE.PAS"/>
        <DCCReference Include="ADVGAUGECIRCLEREG.PAS"/>
        <DCCReference Include="ADVGAUGECONTROL.PAS"/>
        <DCCReference Include="ADVHTMLPICTUREBROWSER.PAS"/>
        <DCCReference Include="ADVHTMLPICTUREBROWSERREG.PAS"/>
        <DCCReference Include="ADVPICTUREPANE.PAS"/>
        <DCCReference Include="ADVPICTUREPANEREG.PAS"/>
        <DCCReference Include="ADVRANGECIRCLES.PAS"/>
        <DCCReference Include="ADVRANGECIRCLESREG.PAS"/>
        <DCCReference Include="WebPictureContainer.pas"/>
        <DCCReference Include="WebPictureContainerreg.pas"/>
        <DCCReference Include="AdvSignatureCapture.pas"/>
        <DCCReference Include="AdvSignatureCaptureReg.pas"/>
        <DCCReference Include="AdvRichEditor.pas"/>
        <DCCReference Include="AdvRichEditorBase.pas"/>
        <DCCReference Include="AdvRichEditorIO.pas"/>
        <DCCReference Include="AdvRichEditorReg.pas"/>
        <DCCReference Include="AdvRichEditorRTF.pas"/>
        <DCCReference Include="AdvRichEditorToolBar.pas"/>
        <DCCReference Include="AdvScrollControl.pas"/>
        <DCCReference Include="AdvMetroCategoryList.pas"/>
        <DCCReference Include="AdvMetroCategoryListReg.pas"/>
        <DCCReference Include="AdvRichEditorEditButtonBarReg.pas"/>
        <DCCReference Include="AdvRichEditorEditButtonBar.pas"/>
        <DCCReference Include="AdvRichEditorFormatButtonBarReg.pas"/>
        <DCCReference Include="AdvRichEditorFormatButtonBar.pas"/>
        <DCCReference Include="TMSSpellCheck.pas"/>
        <DCCReference Include="TMSSpellCheckConfForm.pas"/>
        <DCCReference Include="TMSSpellCheckCorrectForm.pas"/>
        <DCCReference Include="TMSSpellCheckCorrectLinesForm.pas"/>
        <DCCReference Include="TMSSpellCheckReg.pas"/>
        <DCCReference Include="TMSSpellCheckUtil.pas"/>
        <DCCReference Include="TMSSpellInfos.pas"/>
        <DCCReference Include="TMSSpellParser.pas"/>
        <DCCReference Include="TMSSpellSoundEX.pas"/>
        <DCCReference Include="TMSSpellUpdateDictProgForm.pas">
            <Form>TMSSpellUpdateDictProgForm</Form>
        </DCCReference>
        <DCCReference Include="advricheditorpdfio.pas"/>
        <DCCReference Include="advricheditordd.pas"/>
        <DCCReference Include="advricheditoremoticons.pas"/>
        <DCCReference Include="advricheditorMinihtmlio.pas"/>
        <DCCReference Include="advricheditorspellcheck.pas"/>
        <DCCReference Include="asgspellcheck.pas"/>
        <DCCReference Include="AdvMemoSpellCheck.pas"/>
        <DCCReference Include="DBAdvRichEditor.pas"/>
        <DCCReference Include="AdvRichEditorPopupToolBar.pas"/>
        <DCCReference Include="advricheditoreditlink.pas"/>
        <DCCReference Include="DBAdvRichEditorReg.pas"/>
        <DCCReference Include="AdvRatingGrid.pas"/>
        <DCCReference Include="AdvToolBarRes.pas"/>
        <DCCReference Include="AdvRatingGridReg.pas"/>
        <DCCReference Include="AdvGridToolBarReg.pas"/>
        <DCCReference Include="AdvGridToolBar.pas"/>
        <DCCReference Include="AdvBadge.pas"/>
        <DCCReference Include="AdvCustomTreeView.pas"/>
        <DCCReference Include="AdvTreeView.pas"/>
        <DCCReference Include="AdvTreeViewBase.pas"/>
        <DCCReference Include="AdvTreeViewReg.pas"/>
        <DCCReference Include="AdvDirectoryTreeView.pas"/>
        <DCCReference Include="AdvCheckedTreeView.pas"/>
        <DCCReference Include="AdvMultiInputQueryDialog.pas"/>
        <DCCReference Include="AdvMultiInputQueryDialogReg.pas"/>
        <DCCReference Include="AdvScrollMenu.pas"/>
        <DCCReference Include="AdvScrollMenuReg.pas"/>
        <DCCReference Include="AdvBadgeReg.pas"/>
        <BuildConfiguration Include="Debug">
            <Key>Cfg_2</Key>
            <CfgParent>Base</CfgParent>
        </BuildConfiguration>
        <BuildConfiguration Include="Base">
            <Key>Base</Key>
        </BuildConfiguration>
        <BuildConfiguration Include="Release">
            <Key>Cfg_1</Key>
            <CfgParent>Base</CfgParent>
        </BuildConfiguration>
    </ItemGroup>
    <Import Condition="Exists('$(BDS)\Bin\CodeGear.Delphi.Targets')" Project="$(BDS)\Bin\CodeGear.Delphi.Targets"/>
    <Import Condition="Exists('$(APPDATA)\Embarcadero\$(BDSAPPDATABASEDIR)\$(PRODUCTVERSION)\UserTools.proj')" Project="$(APPDATA)\Embarcadero\$(BDSAPPDATABASEDIR)\$(PRODUCTVERSION)\UserTools.proj"/>
    <ProjectExtensions>
        <Borland.Personality>Delphi.Personality.12</Borland.Personality>
        <Borland.ProjectType>Package</Borland.ProjectType>
        <BorlandProject>
            <Delphi.Personality>
                <Parameters/>
                <VersionInfo>
                    <VersionInfo Name="IncludeVerInfo">True</VersionInfo>
                    <VersionInfo Name="AutoIncBuild">False</VersionInfo>
                    <VersionInfo Name="MajorVer">1</VersionInfo>
                    <VersionInfo Name="MinorVer">0</VersionInfo>
                    <VersionInfo Name="Release">0</VersionInfo>
                    <VersionInfo Name="Build">0</VersionInfo>
                    <VersionInfo Name="Debug">False</VersionInfo>
                    <VersionInfo Name="PreRelease">False</VersionInfo>
                    <VersionInfo Name="Special">False</VersionInfo>
                    <VersionInfo Name="Private">False</VersionInfo>
                    <VersionInfo Name="DLL">False</VersionInfo>
                    <VersionInfo Name="Locale">2067</VersionInfo>
                    <VersionInfo Name="CodePage">1252</VersionInfo>
                </VersionInfo>
                <VersionInfoKeys>
                    <VersionInfoKeys Name="CompanyName"/>
                    <VersionInfoKeys Name="FileDescription"/>
                    <VersionInfoKeys Name="FileVersion">1.0.0.0</VersionInfoKeys>
                    <VersionInfoKeys Name="InternalName"/>
                    <VersionInfoKeys Name="LegalCopyright"/>
                    <VersionInfoKeys Name="LegalTrademarks"/>
                    <VersionInfoKeys Name="OriginalFilename"/>
                    <VersionInfoKeys Name="ProductName"/>
                    <VersionInfoKeys Name="ProductVersion">1.0.0.0</VersionInfoKeys>
                    <VersionInfoKeys Name="Comments"/>
                </VersionInfoKeys>
                <Source>
                    <Source Name="MainSource">tmsexdXE9.dpk</Source>
                </Source>
                <Excluded_Packages>
                    <Excluded_Packages Name="$(BDSBIN)\bcboffice2k170.bpl">Embarcadero C++Builder Office 2000 Servers Package</Excluded_Packages>
                    <Excluded_Packages Name="$(BDSBIN)\bcbofficexp170.bpl">Embarcadero C++Builder Office XP Servers Package</Excluded_Packages>
                    <Excluded_Packages Name="$(BDSBIN)\dcloffice2k170.bpl">Microsoft Office 2000 Sample Automation Server Wrapper Components</Excluded_Packages>
                    <Excluded_Packages Name="$(BDSBIN)\dclofficexp170.bpl">Microsoft Office XP Sample Automation Server Wrapper Components</Excluded_Packages>
                </Excluded_Packages>
            </Delphi.Personality>
            <Platforms>
                <Platform value="Android">False</Platform>
                <Platform value="Win32">True</Platform>
            </Platforms>
            <Deployment Version="2">
                <DeployFile LocalName="C:\Users\Public\Documents\Embarcadero\Studio\17.0\Bpl\tmsexdXE9.bpl" Configuration="Release" Class="ProjectOutput">
                    <Platform Name="Win32">
                        <RemoteName>tmsexdXE9.bpl</RemoteName>
                        <Overwrite>true</Overwrite>
                    </Platform>
                </DeployFile>
                <DeployClass Name="DependencyModule">
                    <Platform Name="Win32">
                        <Operation>0</Operation>
                        <Extensions>.dll;.bpl</Extensions>
                    </Platform>
                    <Platform Name="OSX32">
                        <Operation>1</Operation>
                        <Extensions>.dylib</Extensions>
                    </Platform>
                </DeployClass>
                <DeployClass Name="ProjectOSXResource">
                    <Platform Name="OSX32">
                        <RemoteDir>Contents\Resources</RemoteDir>
                        <Operation>1</Operation>
                    </Platform>
                </DeployClass>
                <DeployClass Name="AndroidClassesDexFile">
                    <Platform Name="Android">
                        <RemoteDir>classes</RemoteDir>
                        <Operation>1</Operation>
                    </Platform>
                </DeployClass>
                <DeployClass Name="Android_LauncherIcon144">
                    <Platform Name="Android">
                        <RemoteDir>res\drawable-xxhdpi</RemoteDir>
                        <Operation>1</Operation>
                    </Platform>
                </DeployClass>
                <DeployClass Name="AdditionalDebugSymbols">
                    <Platform Name="Win32">
                        <RemoteDir>Contents\MacOS</RemoteDir>
                        <Operation>0</Operation>
                    </Platform>
                    <Platform Name="OSX32">
                        <Operation>1</Operation>
                    </Platform>
                </DeployClass>
                <DeployClass Name="AndroidLibnativeMipsFile">
                    <Platform Name="Android">
                        <RemoteDir>library\lib\mips</RemoteDir>
                        <Operation>1</Operation>
                    </Platform>
                </DeployClass>
                <DeployClass Name="iPad_Launch768">
                    <Platform Name="iOSSimulator">
                        <Operation>1</Operation>
                    </Platform>
                    <Platform Name="iOSDevice64">
                        <Operation>1</Operation>
                    </Platform>
                    <Platform Name="iOSDevice32">
                        <Operation>1</Operation>
                    </Platform>
                </DeployClass>
                <DeployClass Required="true" Name="ProjectOutput">
                    <Platform Name="Win32">
                        <Operation>0</Operation>
                    </Platform>
                    <Platform Name="iOSDevice64">
                        <Operation>1</Operation>
                    </Platform>
                    <Platform Name="OSX32">
                        <Operation>1</Operation>
                    </Platform>
                    <Platform Name="iOSDevice32">
                        <Operation>1</Operation>
                    </Platform>
                    <Platform Name="Android">
                        <RemoteDir>library\lib\armeabi-v7a</RemoteDir>
                        <Operation>1</Operation>
                    </Platform>
                    <Platform Name="iOSSimulator">
                        <Operation>1</Operation>
                    </Platform>
                </DeployClass>
                <DeployClass Name="DependencyFramework">
                    <Platform Name="Win32">
                        <Operation>0</Operation>
                    </Platform>
                    <Platform Name="OSX32">
                        <Operation>1</Operation>
                        <Extensions>.framework</Extensions>
                    </Platform>
                </DeployClass>
                <DeployClass Name="iPhone_Launch640">
                    <Platform Name="iOSSimulator">
                        <Operation>1</Operation>
                    </Platform>
                    <Platform Name="iOSDevice64">
                        <Operation>1</Operation>
                    </Platform>
                    <Platform Name="iOSDevice32">
                        <Operation>1</Operation>
                    </Platform>
                </DeployClass>
                <DeployClass Name="AndroidLibnativeX86File">
                    <Platform Name="Android">
                        <RemoteDir>library\lib\x86</RemoteDir>
                        <Operation>1</Operation>
                    </Platform>
                </DeployClass>
                <DeployClass Name="ProjectiOSDeviceDebug">
                    <Platform Name="iOSDevice64">
                        <RemoteDir>..\$(PROJECTNAME).app.dSYM\Contents\Resources\DWARF</RemoteDir>
                        <Operation>1</Operation>
                    </Platform>
                    <Platform Name="iOSDevice32">
                        <RemoteDir>..\$(PROJECTNAME).app.dSYM\Contents\Resources\DWARF</RemoteDir>
                        <Operation>1</Operation>
                    </Platform>
                </DeployClass>
                <DeployClass Name="iPad_Launch1024">
                    <Platform Name="iOSSimulator">
                        <Operation>1</Operation>
                    </Platform>
                    <Platform Name="iOSDevice64">
                        <Operation>1</Operation>
                    </Platform>
                    <Platform Name="iOSDevice32">
                        <Operation>1</Operation>
                    </Platform>
                </DeployClass>
                <DeployClass Name="iPhone_Launch320">
                    <Platform Name="iOSSimulator">
                        <Operation>1</Operation>
                    </Platform>
                    <Platform Name="iOSDevice64">
                        <Operation>1</Operation>
                    </Platform>
                    <Platform Name="iOSDevice32">
                        <Operation>1</Operation>
                    </Platform>
                </DeployClass>
                <DeployClass Name="ProjectiOSInfoPList"/>
                <DeployClass Name="AndroidLibnativeArmeabiFile">
                    <Platform Name="Android">
                        <RemoteDir>library\lib\armeabi</RemoteDir>
                        <Operation>1</Operation>
                    </Platform>
                </DeployClass>
                <DeployClass Name="DebugSymbols">
                    <Platform Name="Win32">
                        <Operation>0</Operation>
                    </Platform>
                    <Platform Name="iOSSimulator">
                        <Operation>1</Operation>
                    </Platform>
                    <Platform Name="OSX32">
                        <Operation>1</Operation>
                    </Platform>
                </DeployClass>
                <DeployClass Name="iPad_Launch1536">
                    <Platform Name="iOSSimulator">
                        <Operation>1</Operation>
                    </Platform>
                    <Platform Name="iOSDevice64">
                        <Operation>1</Operation>
                    </Platform>
                    <Platform Name="iOSDevice32">
                        <Operation>1</Operation>
                    </Platform>
                </DeployClass>
                <DeployClass Name="Android_SplashImage470">
                    <Platform Name="Android">
                        <RemoteDir>res\drawable-normal</RemoteDir>
                        <Operation>1</Operation>
                    </Platform>
                </DeployClass>
                <DeployClass Name="Android_LauncherIcon96">
                    <Platform Name="Android">
                        <RemoteDir>res\drawable-xhdpi</RemoteDir>
                        <Operation>1</Operation>
                    </Platform>
                </DeployClass>
                <DeployClass Name="Android_SplashImage640">
                    <Platform Name="Android">
                        <RemoteDir>res\drawable-large</RemoteDir>
                        <Operation>1</Operation>
                    </Platform>
                </DeployClass>
                <DeployClass Name="iPhone_Launch640x1136">
                    <Platform Name="iOSSimulator">
                        <Operation>1</Operation>
                    </Platform>
                    <Platform Name="iOSDevice64">
                        <Operation>1</Operation>
                    </Platform>
                    <Platform Name="iOSDevice32">
                        <Operation>1</Operation>
                    </Platform>
                </DeployClass>
                <DeployClass Name="ProjectiOSEntitlements"/>
                <DeployClass Name="AndroidGDBServer">
                    <Platform Name="Android">
                        <RemoteDir>library\lib\armeabi-v7a</RemoteDir>
                        <Operation>1</Operation>
                    </Platform>
                </DeployClass>
                <DeployClass Name="Android_LauncherIcon72">
                    <Platform Name="Android">
                        <RemoteDir>res\drawable-hdpi</RemoteDir>
                        <Operation>1</Operation>
                    </Platform>
                </DeployClass>
                <DeployClass Name="ProjectOSXInfoPList"/>
                <DeployClass Name="ProjectOSXEntitlements"/>
                <DeployClass Name="iPad_Launch2048">
                    <Platform Name="iOSSimulator">
                        <Operation>1</Operation>
                    </Platform>
                    <Platform Name="iOSDevice64">
                        <Operation>1</Operation>
                    </Platform>
                    <Platform Name="iOSDevice32">
                        <Operation>1</Operation>
                    </Platform>
                </DeployClass>
                <DeployClass Name="AndroidSplashStyles">
                    <Platform Name="Android">
                        <RemoteDir>res\values</RemoteDir>
                        <Operation>1</Operation>
                    </Platform>
                </DeployClass>
                <DeployClass Name="Android_SplashImage426">
                    <Platform Name="Android">
                        <RemoteDir>res\drawable-small</RemoteDir>
                        <Operation>1</Operation>
                    </Platform>
                </DeployClass>
                <DeployClass Name="AndroidSplashImageDef">
                    <Platform Name="Android">
                        <RemoteDir>res\drawable</RemoteDir>
                        <Operation>1</Operation>
                    </Platform>
                </DeployClass>
                <DeployClass Name="ProjectiOSResource">
                    <Platform Name="iOSSimulator">
                        <Operation>1</Operation>
                    </Platform>
                    <Platform Name="iOSDevice64">
                        <Operation>1</Operation>
                    </Platform>
                    <Platform Name="iOSDevice32">
                        <Operation>1</Operation>
                    </Platform>
                </DeployClass>
                <DeployClass Name="ProjectAndroidManifest">
                    <Platform Name="Android">
                        <Operation>1</Operation>
                    </Platform>
                </DeployClass>
                <DeployClass Name="Android_DefaultAppIcon">
                    <Platform Name="Android">
                        <RemoteDir>res\drawable</RemoteDir>
                        <Operation>1</Operation>
                    </Platform>
                </DeployClass>
                <DeployClass Name="File">
                    <Platform Name="Win32">
                        <Operation>0</Operation>
                    </Platform>
                    <Platform Name="iOSDevice64">
                        <Operation>0</Operation>
                    </Platform>
                    <Platform Name="OSX32">
                        <Operation>0</Operation>
                    </Platform>
                    <Platform Name="iOSDevice32">
                        <Operation>0</Operation>
                    </Platform>
                    <Platform Name="Android">
                        <Operation>0</Operation>
                    </Platform>
                    <Platform Name="iOSSimulator">
                        <Operation>0</Operation>
                    </Platform>
                </DeployClass>
                <DeployClass Name="AndroidServiceOutput">
                    <Platform Name="Android">
                        <RemoteDir>library\lib\armeabi-v7a</RemoteDir>
                        <Operation>1</Operation>
                    </Platform>
                </DeployClass>
                <DeployClass Required="true" Name="DependencyPackage">
                    <Platform Name="Win32">
                        <Operation>0</Operation>
                        <Extensions>.bpl</Extensions>
                    </Platform>
                    <Platform Name="iOSDevice64">
                        <Operation>1</Operation>
                        <Extensions>.dylib</Extensions>
                    </Platform>
                    <Platform Name="OSX32">
                        <Operation>1</Operation>
                        <Extensions>.dylib</Extensions>
                    </Platform>
                    <Platform Name="iOSDevice32">
                        <Operation>1</Operation>
                        <Extensions>.dylib</Extensions>
                    </Platform>
                    <Platform Name="iOSSimulator">
                        <Operation>1</Operation>
                        <Extensions>.dylib</Extensions>
                    </Platform>
                </DeployClass>
                <DeployClass Name="Android_LauncherIcon48">
                    <Platform Name="Android">
                        <RemoteDir>res\drawable-mdpi</RemoteDir>
                        <Operation>1</Operation>
                    </Platform>
                </DeployClass>
                <DeployClass Name="Android_SplashImage960">
                    <Platform Name="Android">
                        <RemoteDir>res\drawable-xlarge</RemoteDir>
                        <Operation>1</Operation>
                    </Platform>
                </DeployClass>
                <DeployClass Name="Android_LauncherIcon36">
                    <Platform Name="Android">
                        <RemoteDir>res\drawable-ldpi</RemoteDir>
                        <Operation>1</Operation>
                    </Platform>
                </DeployClass>
                <DeployClass Name="ProjectiOSDeviceResourceRules"/>
                <ProjectRoot Platform="Win64" Name="$(PROJECTNAME)"/>
                <ProjectRoot Platform="iOSDevice64" Name="$(PROJECTNAME).app"/>
                <ProjectRoot Platform="iOSDevice32" Name="$(PROJECTNAME).app"/>
                <ProjectRoot Platform="Win32" Name="$(PROJECTNAME)"/>
                <ProjectRoot Platform="OSX32" Name="$(PROJECTNAME)"/>
                <ProjectRoot Platform="Android" Name="$(PROJECTNAME)"/>
                <ProjectRoot Platform="iOSSimulator" Name="$(PROJECTNAME).app"/>
            </Deployment>
        </BorlandProject>
        <ProjectFileVersion>12</ProjectFileVersion>
    </ProjectExtensions>
    <Import Project="$(MSBuildProjectName).deployproj" Condition="Exists('$(MSBuildProjectName).deployproj')"/>
</Project>
